
Microsoft Visual Studio Solution File, Format Version 12.00
# Visual Studio Version 16
VisualStudioVersion = 16.0.30626.31
MinimumVisualStudioVersion = 10.0.40219.1
Project("{9A19103F-16F7-4668-BE54-9A1E7A4F7556}") = "ViewModels", "ViewModels\ViewModels.csproj", "{2FD9B88C-D9EB-41AE-99EE-C8681D222E0D}"
EndProject
Project("{9A19103F-16F7-4668-BE54-9A1E7A4F7556}") = "Common", "Common\Common.csproj", "{369022B0-C1CD-4DDE-975A-F35BC77217C9}"
EndProject
Project("{9A19103F-16F7-4668-BE54-9A1E7A4F7556}") = "Common_UnitTests", "Common_UnitTests\Common_UnitTests.csproj", "{CB3531E0-C382-419F-8D87-6C71C549BD3D}"
EndProject
Project("{9A19103F-16F7-4668-BE54-9A1E7A4F7556}") = "DomainDefinitions", "DomainDefinitions\DomainDefinitions.csproj", "{02A086E0-1E08-427B-BFD8-E43A210CB61A}"
EndProject
Project("{9A19103F-16F7-4668-BE54-9A1E7A4F7556}") = "ModelClasses", "ModelClasses\ModelClasses.csproj", "{01882D21-4280-4781-9B8F-23647DE18E39}"
EndProject
Project("{9A19103F-16F7-4668-BE54-9A1E7A4F7556}") = "ModelClasses_UnitTests", "ModelClasses_UnitTests\ModelClasses_UnitTests.csproj", "{68B3C75F-4366-4FC5-AC18-273A3320CDDE}"
EndProject
Project("{2150E333-8FDC-42A3-9474-1A3956D46DE8}") = "Solution Items", "Solution Items", "{B6CF8318-F1A8-459E-9A37-C97389CF821E}"
	ProjectSection(SolutionItems) = preProject
		_ConceptualModel_initial_rough_draft.cs = _ConceptualModel_initial_rough_draft.cs
		_QuestionsForMatteo.txt = _QuestionsForMatteo.txt
	EndProjectSection
EndProject
Project("{FAE04EC0-301F-11D3-BF4B-00C04F79EFBC}") = "BitmapLoadTimingTest_UwpApp", "BitmapLoadTimingTest_UwpApp\BitmapLoadTimingTest_UwpApp.csproj", "{5964BB4F-2268-4DEB-A353-029AA39AB0D8}"
EndProject
Project("{D954291E-2A0B-460D-934E-DC6B0785DB48}") = "IntensityProfileViewer.Shared", "IntensityProfileViewer\IntensityProfileViewer.Shared\IntensityProfileViewer.Shared.shproj", "{6279C845-92F8-4333-AB99-3D213163593C}"
EndProject
Project("{2150E333-8FDC-42A3-9474-1A3956D46DE8}") = "Platforms", "Platforms", "{335FC690-1504-4E6F-AF6C-C13D977746CF}"
EndProject
Project("{FAE04EC0-301F-11D3-BF4B-00C04F79EFBC}") = "IntensityProfileViewer.UWP", "IntensityProfileViewer\IntensityProfileViewer.UWP\IntensityProfileViewer.UWP.csproj", "{F176DF9D-F00C-41A1-8451-8AA3818CD277}"
EndProject
Project("{FAE04EC0-301F-11D3-BF4B-00C04F79EFBC}") = "IntensityProfileViewer.PlainUWP", "IntensityProfileViewer.PlainUWP\IntensityProfileViewer.PlainUWP.csproj", "{A2E0243D-AD59-4312-B554-891A89ED1FF0}"
EndProject
Project("{FAE04EC0-301F-11D3-BF4B-00C04F79EFBC}") = "LiveImageAcquisition", "LiveImageAcquisition\LiveImageAcquisition.csproj", "{ED78DED0-2616-47EA-8CAA-0CAFA37D074F}"
EndProject
Project("{FAE04EC0-301F-11D3-BF4B-00C04F79EFBC}") = "LiveImageAcquirer_Test_ConsoleApp", "LiveImageAcquirer_Test_ConsoleApp\LiveImageAcquirer_Test_ConsoleApp.csproj", "{9BE91F43-D199-40B1-85AB-C734FB6D3918}"
EndProject
Global
	GlobalSection(SharedMSBuildProjectFiles) = preSolution
		IntensityProfileViewer\IntensityProfileViewer.Shared\IntensityProfileViewer.Shared.projitems*{6279c845-92f8-4333-ab99-3d213163593c}*SharedItemsImports = 13
		IntensityProfileViewer\IntensityProfileViewer.Shared\IntensityProfileViewer.Shared.projitems*{a2e0243d-ad59-4312-b554-891a89ed1ff0}*SharedItemsImports = 4
		IntensityProfileViewer\IntensityProfileViewer.Shared\IntensityProfileViewer.Shared.projitems*{f176df9d-f00c-41a1-8451-8aa3818cd277}*SharedItemsImports = 4
	EndGlobalSection
	GlobalSection(SolutionConfigurationPlatforms) = preSolution
		Ad-Hoc|Any CPU = Ad-Hoc|Any CPU
		Ad-Hoc|ARM = Ad-Hoc|ARM
		Ad-Hoc|ARM64 = Ad-Hoc|ARM64
		Ad-Hoc|iPhone = Ad-Hoc|iPhone
		Ad-Hoc|iPhoneSimulator = Ad-Hoc|iPhoneSimulator
		Ad-Hoc|x64 = Ad-Hoc|x64
		Ad-Hoc|x86 = Ad-Hoc|x86
		AppStore|Any CPU = AppStore|Any CPU
		AppStore|ARM = AppStore|ARM
		AppStore|ARM64 = AppStore|ARM64
		AppStore|iPhone = AppStore|iPhone
		AppStore|iPhoneSimulator = AppStore|iPhoneSimulator
		AppStore|x64 = AppStore|x64
		AppStore|x86 = AppStore|x86
		Debug|Any CPU = Debug|Any CPU
		Debug|ARM = Debug|ARM
		Debug|ARM64 = Debug|ARM64
		Debug|iPhone = Debug|iPhone
		Debug|iPhoneSimulator = Debug|iPhoneSimulator
		Debug|x64 = Debug|x64
		Debug|x86 = Debug|x86
		Release|Any CPU = Release|Any CPU
		Release|ARM = Release|ARM
		Release|ARM64 = Release|ARM64
		Release|iPhone = Release|iPhone
		Release|iPhoneSimulator = Release|iPhoneSimulator
		Release|x64 = Release|x64
		Release|x86 = Release|x86
	EndGlobalSection
	GlobalSection(ProjectConfigurationPlatforms) = postSolution
		{2FD9B88C-D9EB-41AE-99EE-C8681D222E0D}.Ad-Hoc|Any CPU.ActiveCfg = Release|Any CPU
		{2FD9B88C-D9EB-41AE-99EE-C8681D222E0D}.Ad-Hoc|Any CPU.Build.0 = Release|Any CPU
		{2FD9B88C-D9EB-41AE-99EE-C8681D222E0D}.Ad-Hoc|ARM.ActiveCfg = Release|Any CPU
		{2FD9B88C-D9EB-41AE-99EE-C8681D222E0D}.Ad-Hoc|ARM.Build.0 = Release|Any CPU
		{2FD9B88C-D9EB-41AE-99EE-C8681D222E0D}.Ad-Hoc|ARM64.ActiveCfg = Release|Any CPU
		{2FD9B88C-D9EB-41AE-99EE-C8681D222E0D}.Ad-Hoc|ARM64.Build.0 = Release|Any CPU
		{2FD9B88C-D9EB-41AE-99EE-C8681D222E0D}.Ad-Hoc|iPhone.ActiveCfg = Release|Any CPU
		{2FD9B88C-D9EB-41AE-99EE-C8681D222E0D}.Ad-Hoc|iPhone.Build.0 = Release|Any CPU
		{2FD9B88C-D9EB-41AE-99EE-C8681D222E0D}.Ad-Hoc|iPhoneSimulator.ActiveCfg = Release|Any CPU
		{2FD9B88C-D9EB-41AE-99EE-C8681D222E0D}.Ad-Hoc|iPhoneSimulator.Build.0 = Release|Any CPU
		{2FD9B88C-D9EB-41AE-99EE-C8681D222E0D}.Ad-Hoc|x64.ActiveCfg = Release|Any CPU
		{2FD9B88C-D9EB-41AE-99EE-C8681D222E0D}.Ad-Hoc|x64.Build.0 = Release|Any CPU
		{2FD9B88C-D9EB-41AE-99EE-C8681D222E0D}.Ad-Hoc|x86.ActiveCfg = Release|Any CPU
		{2FD9B88C-D9EB-41AE-99EE-C8681D222E0D}.Ad-Hoc|x86.Build.0 = Release|Any CPU
		{2FD9B88C-D9EB-41AE-99EE-C8681D222E0D}.AppStore|Any CPU.ActiveCfg = Release|Any CPU
		{2FD9B88C-D9EB-41AE-99EE-C8681D222E0D}.AppStore|Any CPU.Build.0 = Release|Any CPU
		{2FD9B88C-D9EB-41AE-99EE-C8681D222E0D}.AppStore|ARM.ActiveCfg = Release|Any CPU
		{2FD9B88C-D9EB-41AE-99EE-C8681D222E0D}.AppStore|ARM.Build.0 = Release|Any CPU
		{2FD9B88C-D9EB-41AE-99EE-C8681D222E0D}.AppStore|ARM64.ActiveCfg = Release|Any CPU
		{2FD9B88C-D9EB-41AE-99EE-C8681D222E0D}.AppStore|ARM64.Build.0 = Release|Any CPU
		{2FD9B88C-D9EB-41AE-99EE-C8681D222E0D}.AppStore|iPhone.ActiveCfg = Release|Any CPU
		{2FD9B88C-D9EB-41AE-99EE-C8681D222E0D}.AppStore|iPhone.Build.0 = Release|Any CPU
		{2FD9B88C-D9EB-41AE-99EE-C8681D222E0D}.AppStore|iPhoneSimulator.ActiveCfg = Release|Any CPU
		{2FD9B88C-D9EB-41AE-99EE-C8681D222E0D}.AppStore|iPhoneSimulator.Build.0 = Release|Any CPU
		{2FD9B88C-D9EB-41AE-99EE-C8681D222E0D}.AppStore|x64.ActiveCfg = Release|Any CPU
		{2FD9B88C-D9EB-41AE-99EE-C8681D222E0D}.AppStore|x64.Build.0 = Release|Any CPU
		{2FD9B88C-D9EB-41AE-99EE-C8681D222E0D}.AppStore|x86.ActiveCfg = Release|Any CPU
		{2FD9B88C-D9EB-41AE-99EE-C8681D222E0D}.AppStore|x86.Build.0 = Release|Any CPU
		{2FD9B88C-D9EB-41AE-99EE-C8681D222E0D}.Debug|Any CPU.ActiveCfg = Debug|Any CPU
		{2FD9B88C-D9EB-41AE-99EE-C8681D222E0D}.Debug|Any CPU.Build.0 = Debug|Any CPU
		{2FD9B88C-D9EB-41AE-99EE-C8681D222E0D}.Debug|ARM.ActiveCfg = Debug|Any CPU
		{2FD9B88C-D9EB-41AE-99EE-C8681D222E0D}.Debug|ARM.Build.0 = Debug|Any CPU
		{2FD9B88C-D9EB-41AE-99EE-C8681D222E0D}.Debug|ARM64.ActiveCfg = Debug|Any CPU
		{2FD9B88C-D9EB-41AE-99EE-C8681D222E0D}.Debug|ARM64.Build.0 = Debug|Any CPU
		{2FD9B88C-D9EB-41AE-99EE-C8681D222E0D}.Debug|iPhone.ActiveCfg = Debug|Any CPU
		{2FD9B88C-D9EB-41AE-99EE-C8681D222E0D}.Debug|iPhone.Build.0 = Debug|Any CPU
		{2FD9B88C-D9EB-41AE-99EE-C8681D222E0D}.Debug|iPhoneSimulator.ActiveCfg = Debug|Any CPU
		{2FD9B88C-D9EB-41AE-99EE-C8681D222E0D}.Debug|iPhoneSimulator.Build.0 = Debug|Any CPU
		{2FD9B88C-D9EB-41AE-99EE-C8681D222E0D}.Debug|x64.ActiveCfg = Debug|Any CPU
		{2FD9B88C-D9EB-41AE-99EE-C8681D222E0D}.Debug|x64.Build.0 = Debug|Any CPU
		{2FD9B88C-D9EB-41AE-99EE-C8681D222E0D}.Debug|x86.ActiveCfg = Debug|Any CPU
		{2FD9B88C-D9EB-41AE-99EE-C8681D222E0D}.Debug|x86.Build.0 = Debug|Any CPU
		{2FD9B88C-D9EB-41AE-99EE-C8681D222E0D}.Release|Any CPU.ActiveCfg = Release|Any CPU
		{2FD9B88C-D9EB-41AE-99EE-C8681D222E0D}.Release|Any CPU.Build.0 = Release|Any CPU
		{2FD9B88C-D9EB-41AE-99EE-C8681D222E0D}.Release|ARM.ActiveCfg = Release|Any CPU
		{2FD9B88C-D9EB-41AE-99EE-C8681D222E0D}.Release|ARM.Build.0 = Release|Any CPU
		{2FD9B88C-D9EB-41AE-99EE-C8681D222E0D}.Release|ARM64.ActiveCfg = Release|Any CPU
		{2FD9B88C-D9EB-41AE-99EE-C8681D222E0D}.Release|ARM64.Build.0 = Release|Any CPU
		{2FD9B88C-D9EB-41AE-99EE-C8681D222E0D}.Release|iPhone.ActiveCfg = Release|Any CPU
		{2FD9B88C-D9EB-41AE-99EE-C8681D222E0D}.Release|iPhone.Build.0 = Release|Any CPU
		{2FD9B88C-D9EB-41AE-99EE-C8681D222E0D}.Release|iPhoneSimulator.ActiveCfg = Release|Any CPU
		{2FD9B88C-D9EB-41AE-99EE-C8681D222E0D}.Release|iPhoneSimulator.Build.0 = Release|Any CPU
		{2FD9B88C-D9EB-41AE-99EE-C8681D222E0D}.Release|x64.ActiveCfg = Release|Any CPU
		{2FD9B88C-D9EB-41AE-99EE-C8681D222E0D}.Release|x64.Build.0 = Release|Any CPU
		{2FD9B88C-D9EB-41AE-99EE-C8681D222E0D}.Release|x86.ActiveCfg = Release|Any CPU
		{2FD9B88C-D9EB-41AE-99EE-C8681D222E0D}.Release|x86.Build.0 = Release|Any CPU
		{369022B0-C1CD-4DDE-975A-F35BC77217C9}.Ad-Hoc|Any CPU.ActiveCfg = Release|Any CPU
		{369022B0-C1CD-4DDE-975A-F35BC77217C9}.Ad-Hoc|Any CPU.Build.0 = Release|Any CPU
		{369022B0-C1CD-4DDE-975A-F35BC77217C9}.Ad-Hoc|ARM.ActiveCfg = Release|Any CPU
		{369022B0-C1CD-4DDE-975A-F35BC77217C9}.Ad-Hoc|ARM.Build.0 = Release|Any CPU
		{369022B0-C1CD-4DDE-975A-F35BC77217C9}.Ad-Hoc|ARM64.ActiveCfg = Release|Any CPU
		{369022B0-C1CD-4DDE-975A-F35BC77217C9}.Ad-Hoc|ARM64.Build.0 = Release|Any CPU
		{369022B0-C1CD-4DDE-975A-F35BC77217C9}.Ad-Hoc|iPhone.ActiveCfg = Release|Any CPU
		{369022B0-C1CD-4DDE-975A-F35BC77217C9}.Ad-Hoc|iPhone.Build.0 = Release|Any CPU
		{369022B0-C1CD-4DDE-975A-F35BC77217C9}.Ad-Hoc|iPhoneSimulator.ActiveCfg = Release|Any CPU
		{369022B0-C1CD-4DDE-975A-F35BC77217C9}.Ad-Hoc|iPhoneSimulator.Build.0 = Release|Any CPU
		{369022B0-C1CD-4DDE-975A-F35BC77217C9}.Ad-Hoc|x64.ActiveCfg = Release|Any CPU
		{369022B0-C1CD-4DDE-975A-F35BC77217C9}.Ad-Hoc|x64.Build.0 = Release|Any CPU
		{369022B0-C1CD-4DDE-975A-F35BC77217C9}.Ad-Hoc|x86.ActiveCfg = Release|Any CPU
		{369022B0-C1CD-4DDE-975A-F35BC77217C9}.Ad-Hoc|x86.Build.0 = Release|Any CPU
		{369022B0-C1CD-4DDE-975A-F35BC77217C9}.AppStore|Any CPU.ActiveCfg = Release|Any CPU
		{369022B0-C1CD-4DDE-975A-F35BC77217C9}.AppStore|Any CPU.Build.0 = Release|Any CPU
		{369022B0-C1CD-4DDE-975A-F35BC77217C9}.AppStore|ARM.ActiveCfg = Release|Any CPU
		{369022B0-C1CD-4DDE-975A-F35BC77217C9}.AppStore|ARM.Build.0 = Release|Any CPU
		{369022B0-C1CD-4DDE-975A-F35BC77217C9}.AppStore|ARM64.ActiveCfg = Release|Any CPU
		{369022B0-C1CD-4DDE-975A-F35BC77217C9}.AppStore|ARM64.Build.0 = Release|Any CPU
		{369022B0-C1CD-4DDE-975A-F35BC77217C9}.AppStore|iPhone.ActiveCfg = Release|Any CPU
		{369022B0-C1CD-4DDE-975A-F35BC77217C9}.AppStore|iPhone.Build.0 = Release|Any CPU
		{369022B0-C1CD-4DDE-975A-F35BC77217C9}.AppStore|iPhoneSimulator.ActiveCfg = Release|Any CPU
		{369022B0-C1CD-4DDE-975A-F35BC77217C9}.AppStore|iPhoneSimulator.Build.0 = Release|Any CPU
		{369022B0-C1CD-4DDE-975A-F35BC77217C9}.AppStore|x64.ActiveCfg = Release|Any CPU
		{369022B0-C1CD-4DDE-975A-F35BC77217C9}.AppStore|x64.Build.0 = Release|Any CPU
		{369022B0-C1CD-4DDE-975A-F35BC77217C9}.AppStore|x86.ActiveCfg = Release|Any CPU
		{369022B0-C1CD-4DDE-975A-F35BC77217C9}.AppStore|x86.Build.0 = Release|Any CPU
		{369022B0-C1CD-4DDE-975A-F35BC77217C9}.Debug|Any CPU.ActiveCfg = Debug|Any CPU
		{369022B0-C1CD-4DDE-975A-F35BC77217C9}.Debug|Any CPU.Build.0 = Debug|Any CPU
		{369022B0-C1CD-4DDE-975A-F35BC77217C9}.Debug|ARM.ActiveCfg = Debug|Any CPU
		{369022B0-C1CD-4DDE-975A-F35BC77217C9}.Debug|ARM.Build.0 = Debug|Any CPU
		{369022B0-C1CD-4DDE-975A-F35BC77217C9}.Debug|ARM64.ActiveCfg = Debug|Any CPU
		{369022B0-C1CD-4DDE-975A-F35BC77217C9}.Debug|ARM64.Build.0 = Debug|Any CPU
		{369022B0-C1CD-4DDE-975A-F35BC77217C9}.Debug|iPhone.ActiveCfg = Debug|Any CPU
		{369022B0-C1CD-4DDE-975A-F35BC77217C9}.Debug|iPhone.Build.0 = Debug|Any CPU
		{369022B0-C1CD-4DDE-975A-F35BC77217C9}.Debug|iPhoneSimulator.ActiveCfg = Debug|Any CPU
		{369022B0-C1CD-4DDE-975A-F35BC77217C9}.Debug|iPhoneSimulator.Build.0 = Debug|Any CPU
		{369022B0-C1CD-4DDE-975A-F35BC77217C9}.Debug|x64.ActiveCfg = Debug|Any CPU
		{369022B0-C1CD-4DDE-975A-F35BC77217C9}.Debug|x64.Build.0 = Debug|Any CPU
		{369022B0-C1CD-4DDE-975A-F35BC77217C9}.Debug|x86.ActiveCfg = Debug|Any CPU
		{369022B0-C1CD-4DDE-975A-F35BC77217C9}.Debug|x86.Build.0 = Debug|Any CPU
		{369022B0-C1CD-4DDE-975A-F35BC77217C9}.Release|Any CPU.ActiveCfg = Release|Any CPU
		{369022B0-C1CD-4DDE-975A-F35BC77217C9}.Release|Any CPU.Build.0 = Release|Any CPU
		{369022B0-C1CD-4DDE-975A-F35BC77217C9}.Release|ARM.ActiveCfg = Release|Any CPU
		{369022B0-C1CD-4DDE-975A-F35BC77217C9}.Release|ARM.Build.0 = Release|Any CPU
		{369022B0-C1CD-4DDE-975A-F35BC77217C9}.Release|ARM64.ActiveCfg = Release|Any CPU
		{369022B0-C1CD-4DDE-975A-F35BC77217C9}.Release|ARM64.Build.0 = Release|Any CPU
		{369022B0-C1CD-4DDE-975A-F35BC77217C9}.Release|iPhone.ActiveCfg = Release|Any CPU
		{369022B0-C1CD-4DDE-975A-F35BC77217C9}.Release|iPhone.Build.0 = Release|Any CPU
		{369022B0-C1CD-4DDE-975A-F35BC77217C9}.Release|iPhoneSimulator.ActiveCfg = Release|Any CPU
		{369022B0-C1CD-4DDE-975A-F35BC77217C9}.Release|iPhoneSimulator.Build.0 = Release|Any CPU
		{369022B0-C1CD-4DDE-975A-F35BC77217C9}.Release|x64.ActiveCfg = Release|Any CPU
		{369022B0-C1CD-4DDE-975A-F35BC77217C9}.Release|x64.Build.0 = Release|Any CPU
		{369022B0-C1CD-4DDE-975A-F35BC77217C9}.Release|x86.ActiveCfg = Release|Any CPU
		{369022B0-C1CD-4DDE-975A-F35BC77217C9}.Release|x86.Build.0 = Release|Any CPU
		{CB3531E0-C382-419F-8D87-6C71C549BD3D}.Ad-Hoc|Any CPU.ActiveCfg = Release|Any CPU
		{CB3531E0-C382-419F-8D87-6C71C549BD3D}.Ad-Hoc|Any CPU.Build.0 = Release|Any CPU
		{CB3531E0-C382-419F-8D87-6C71C549BD3D}.Ad-Hoc|ARM.ActiveCfg = Release|Any CPU
		{CB3531E0-C382-419F-8D87-6C71C549BD3D}.Ad-Hoc|ARM.Build.0 = Release|Any CPU
		{CB3531E0-C382-419F-8D87-6C71C549BD3D}.Ad-Hoc|ARM64.ActiveCfg = Release|Any CPU
		{CB3531E0-C382-419F-8D87-6C71C549BD3D}.Ad-Hoc|ARM64.Build.0 = Release|Any CPU
		{CB3531E0-C382-419F-8D87-6C71C549BD3D}.Ad-Hoc|iPhone.ActiveCfg = Release|Any CPU
		{CB3531E0-C382-419F-8D87-6C71C549BD3D}.Ad-Hoc|iPhone.Build.0 = Release|Any CPU
		{CB3531E0-C382-419F-8D87-6C71C549BD3D}.Ad-Hoc|iPhoneSimulator.ActiveCfg = Release|Any CPU
		{CB3531E0-C382-419F-8D87-6C71C549BD3D}.Ad-Hoc|iPhoneSimulator.Build.0 = Release|Any CPU
		{CB3531E0-C382-419F-8D87-6C71C549BD3D}.Ad-Hoc|x64.ActiveCfg = Release|Any CPU
		{CB3531E0-C382-419F-8D87-6C71C549BD3D}.Ad-Hoc|x64.Build.0 = Release|Any CPU
		{CB3531E0-C382-419F-8D87-6C71C549BD3D}.Ad-Hoc|x86.ActiveCfg = Release|Any CPU
		{CB3531E0-C382-419F-8D87-6C71C549BD3D}.Ad-Hoc|x86.Build.0 = Release|Any CPU
		{CB3531E0-C382-419F-8D87-6C71C549BD3D}.AppStore|Any CPU.ActiveCfg = Release|Any CPU
		{CB3531E0-C382-419F-8D87-6C71C549BD3D}.AppStore|Any CPU.Build.0 = Release|Any CPU
		{CB3531E0-C382-419F-8D87-6C71C549BD3D}.AppStore|ARM.ActiveCfg = Release|Any CPU
		{CB3531E0-C382-419F-8D87-6C71C549BD3D}.AppStore|ARM.Build.0 = Release|Any CPU
		{CB3531E0-C382-419F-8D87-6C71C549BD3D}.AppStore|ARM64.ActiveCfg = Release|Any CPU
		{CB3531E0-C382-419F-8D87-6C71C549BD3D}.AppStore|ARM64.Build.0 = Release|Any CPU
		{CB3531E0-C382-419F-8D87-6C71C549BD3D}.AppStore|iPhone.ActiveCfg = Release|Any CPU
		{CB3531E0-C382-419F-8D87-6C71C549BD3D}.AppStore|iPhone.Build.0 = Release|Any CPU
		{CB3531E0-C382-419F-8D87-6C71C549BD3D}.AppStore|iPhoneSimulator.ActiveCfg = Release|Any CPU
		{CB3531E0-C382-419F-8D87-6C71C549BD3D}.AppStore|iPhoneSimulator.Build.0 = Release|Any CPU
		{CB3531E0-C382-419F-8D87-6C71C549BD3D}.AppStore|x64.ActiveCfg = Release|Any CPU
		{CB3531E0-C382-419F-8D87-6C71C549BD3D}.AppStore|x64.Build.0 = Release|Any CPU
		{CB3531E0-C382-419F-8D87-6C71C549BD3D}.AppStore|x86.ActiveCfg = Release|Any CPU
		{CB3531E0-C382-419F-8D87-6C71C549BD3D}.AppStore|x86.Build.0 = Release|Any CPU
		{CB3531E0-C382-419F-8D87-6C71C549BD3D}.Debug|Any CPU.ActiveCfg = Debug|Any CPU
		{CB3531E0-C382-419F-8D87-6C71C549BD3D}.Debug|Any CPU.Build.0 = Debug|Any CPU
		{CB3531E0-C382-419F-8D87-6C71C549BD3D}.Debug|ARM.ActiveCfg = Debug|Any CPU
		{CB3531E0-C382-419F-8D87-6C71C549BD3D}.Debug|ARM.Build.0 = Debug|Any CPU
		{CB3531E0-C382-419F-8D87-6C71C549BD3D}.Debug|ARM64.ActiveCfg = Debug|Any CPU
		{CB3531E0-C382-419F-8D87-6C71C549BD3D}.Debug|ARM64.Build.0 = Debug|Any CPU
		{CB3531E0-C382-419F-8D87-6C71C549BD3D}.Debug|iPhone.ActiveCfg = Debug|Any CPU
		{CB3531E0-C382-419F-8D87-6C71C549BD3D}.Debug|iPhone.Build.0 = Debug|Any CPU
		{CB3531E0-C382-419F-8D87-6C71C549BD3D}.Debug|iPhoneSimulator.ActiveCfg = Debug|Any CPU
		{CB3531E0-C382-419F-8D87-6C71C549BD3D}.Debug|iPhoneSimulator.Build.0 = Debug|Any CPU
		{CB3531E0-C382-419F-8D87-6C71C549BD3D}.Debug|x64.ActiveCfg = Debug|Any CPU
		{CB3531E0-C382-419F-8D87-6C71C549BD3D}.Debug|x64.Build.0 = Debug|Any CPU
		{CB3531E0-C382-419F-8D87-6C71C549BD3D}.Debug|x86.ActiveCfg = Debug|Any CPU
		{CB3531E0-C382-419F-8D87-6C71C549BD3D}.Debug|x86.Build.0 = Debug|Any CPU
		{CB3531E0-C382-419F-8D87-6C71C549BD3D}.Release|Any CPU.ActiveCfg = Release|Any CPU
		{CB3531E0-C382-419F-8D87-6C71C549BD3D}.Release|Any CPU.Build.0 = Release|Any CPU
		{CB3531E0-C382-419F-8D87-6C71C549BD3D}.Release|ARM.ActiveCfg = Release|Any CPU
		{CB3531E0-C382-419F-8D87-6C71C549BD3D}.Release|ARM.Build.0 = Release|Any CPU
		{CB3531E0-C382-419F-8D87-6C71C549BD3D}.Release|ARM64.ActiveCfg = Release|Any CPU
		{CB3531E0-C382-419F-8D87-6C71C549BD3D}.Release|ARM64.Build.0 = Release|Any CPU
		{CB3531E0-C382-419F-8D87-6C71C549BD3D}.Release|iPhone.ActiveCfg = Release|Any CPU
		{CB3531E0-C382-419F-8D87-6C71C549BD3D}.Release|iPhone.Build.0 = Release|Any CPU
		{CB3531E0-C382-419F-8D87-6C71C549BD3D}.Release|iPhoneSimulator.ActiveCfg = Release|Any CPU
		{CB3531E0-C382-419F-8D87-6C71C549BD3D}.Release|iPhoneSimulator.Build.0 = Release|Any CPU
		{CB3531E0-C382-419F-8D87-6C71C549BD3D}.Release|x64.ActiveCfg = Release|Any CPU
		{CB3531E0-C382-419F-8D87-6C71C549BD3D}.Release|x64.Build.0 = Release|Any CPU
		{CB3531E0-C382-419F-8D87-6C71C549BD3D}.Release|x86.ActiveCfg = Release|Any CPU
		{CB3531E0-C382-419F-8D87-6C71C549BD3D}.Release|x86.Build.0 = Release|Any CPU
		{02A086E0-1E08-427B-BFD8-E43A210CB61A}.Ad-Hoc|Any CPU.ActiveCfg = Release|Any CPU
		{02A086E0-1E08-427B-BFD8-E43A210CB61A}.Ad-Hoc|Any CPU.Build.0 = Release|Any CPU
		{02A086E0-1E08-427B-BFD8-E43A210CB61A}.Ad-Hoc|ARM.ActiveCfg = Release|Any CPU
		{02A086E0-1E08-427B-BFD8-E43A210CB61A}.Ad-Hoc|ARM.Build.0 = Release|Any CPU
		{02A086E0-1E08-427B-BFD8-E43A210CB61A}.Ad-Hoc|ARM64.ActiveCfg = Release|Any CPU
		{02A086E0-1E08-427B-BFD8-E43A210CB61A}.Ad-Hoc|ARM64.Build.0 = Release|Any CPU
		{02A086E0-1E08-427B-BFD8-E43A210CB61A}.Ad-Hoc|iPhone.ActiveCfg = Release|Any CPU
		{02A086E0-1E08-427B-BFD8-E43A210CB61A}.Ad-Hoc|iPhone.Build.0 = Release|Any CPU
		{02A086E0-1E08-427B-BFD8-E43A210CB61A}.Ad-Hoc|iPhoneSimulator.ActiveCfg = Release|Any CPU
		{02A086E0-1E08-427B-BFD8-E43A210CB61A}.Ad-Hoc|iPhoneSimulator.Build.0 = Release|Any CPU
		{02A086E0-1E08-427B-BFD8-E43A210CB61A}.Ad-Hoc|x64.ActiveCfg = Release|Any CPU
		{02A086E0-1E08-427B-BFD8-E43A210CB61A}.Ad-Hoc|x64.Build.0 = Release|Any CPU
		{02A086E0-1E08-427B-BFD8-E43A210CB61A}.Ad-Hoc|x86.ActiveCfg = Release|Any CPU
		{02A086E0-1E08-427B-BFD8-E43A210CB61A}.Ad-Hoc|x86.Build.0 = Release|Any CPU
		{02A086E0-1E08-427B-BFD8-E43A210CB61A}.AppStore|Any CPU.ActiveCfg = Release|Any CPU
		{02A086E0-1E08-427B-BFD8-E43A210CB61A}.AppStore|Any CPU.Build.0 = Release|Any CPU
		{02A086E0-1E08-427B-BFD8-E43A210CB61A}.AppStore|ARM.ActiveCfg = Release|Any CPU
		{02A086E0-1E08-427B-BFD8-E43A210CB61A}.AppStore|ARM.Build.0 = Release|Any CPU
		{02A086E0-1E08-427B-BFD8-E43A210CB61A}.AppStore|ARM64.ActiveCfg = Release|Any CPU
		{02A086E0-1E08-427B-BFD8-E43A210CB61A}.AppStore|ARM64.Build.0 = Release|Any CPU
		{02A086E0-1E08-427B-BFD8-E43A210CB61A}.AppStore|iPhone.ActiveCfg = Release|Any CPU
		{02A086E0-1E08-427B-BFD8-E43A210CB61A}.AppStore|iPhone.Build.0 = Release|Any CPU
		{02A086E0-1E08-427B-BFD8-E43A210CB61A}.AppStore|iPhoneSimulator.ActiveCfg = Release|Any CPU
		{02A086E0-1E08-427B-BFD8-E43A210CB61A}.AppStore|iPhoneSimulator.Build.0 = Release|Any CPU
		{02A086E0-1E08-427B-BFD8-E43A210CB61A}.AppStore|x64.ActiveCfg = Release|Any CPU
		{02A086E0-1E08-427B-BFD8-E43A210CB61A}.AppStore|x64.Build.0 = Release|Any CPU
		{02A086E0-1E08-427B-BFD8-E43A210CB61A}.AppStore|x86.ActiveCfg = Release|Any CPU
		{02A086E0-1E08-427B-BFD8-E43A210CB61A}.AppStore|x86.Build.0 = Release|Any CPU
		{02A086E0-1E08-427B-BFD8-E43A210CB61A}.Debug|Any CPU.ActiveCfg = Debug|Any CPU
		{02A086E0-1E08-427B-BFD8-E43A210CB61A}.Debug|Any CPU.Build.0 = Debug|Any CPU
		{02A086E0-1E08-427B-BFD8-E43A210CB61A}.Debug|ARM.ActiveCfg = Debug|Any CPU
		{02A086E0-1E08-427B-BFD8-E43A210CB61A}.Debug|ARM.Build.0 = Debug|Any CPU
		{02A086E0-1E08-427B-BFD8-E43A210CB61A}.Debug|ARM64.ActiveCfg = Debug|Any CPU
		{02A086E0-1E08-427B-BFD8-E43A210CB61A}.Debug|ARM64.Build.0 = Debug|Any CPU
		{02A086E0-1E08-427B-BFD8-E43A210CB61A}.Debug|iPhone.ActiveCfg = Debug|Any CPU
		{02A086E0-1E08-427B-BFD8-E43A210CB61A}.Debug|iPhone.Build.0 = Debug|Any CPU
		{02A086E0-1E08-427B-BFD8-E43A210CB61A}.Debug|iPhoneSimulator.ActiveCfg = Debug|Any CPU
		{02A086E0-1E08-427B-BFD8-E43A210CB61A}.Debug|iPhoneSimulator.Build.0 = Debug|Any CPU
		{02A086E0-1E08-427B-BFD8-E43A210CB61A}.Debug|x64.ActiveCfg = Debug|Any CPU
		{02A086E0-1E08-427B-BFD8-E43A210CB61A}.Debug|x64.Build.0 = Debug|Any CPU
		{02A086E0-1E08-427B-BFD8-E43A210CB61A}.Debug|x86.ActiveCfg = Debug|Any CPU
		{02A086E0-1E08-427B-BFD8-E43A210CB61A}.Debug|x86.Build.0 = Debug|Any CPU
		{02A086E0-1E08-427B-BFD8-E43A210CB61A}.Release|Any CPU.ActiveCfg = Release|Any CPU
		{02A086E0-1E08-427B-BFD8-E43A210CB61A}.Release|Any CPU.Build.0 = Release|Any CPU
		{02A086E0-1E08-427B-BFD8-E43A210CB61A}.Release|ARM.ActiveCfg = Release|Any CPU
		{02A086E0-1E08-427B-BFD8-E43A210CB61A}.Release|ARM.Build.0 = Release|Any CPU
		{02A086E0-1E08-427B-BFD8-E43A210CB61A}.Release|ARM64.ActiveCfg = Release|Any CPU
		{02A086E0-1E08-427B-BFD8-E43A210CB61A}.Release|ARM64.Build.0 = Release|Any CPU
		{02A086E0-1E08-427B-BFD8-E43A210CB61A}.Release|iPhone.ActiveCfg = Release|Any CPU
		{02A086E0-1E08-427B-BFD8-E43A210CB61A}.Release|iPhone.Build.0 = Release|Any CPU
		{02A086E0-1E08-427B-BFD8-E43A210CB61A}.Release|iPhoneSimulator.ActiveCfg = Release|Any CPU
		{02A086E0-1E08-427B-BFD8-E43A210CB61A}.Release|iPhoneSimulator.Build.0 = Release|Any CPU
		{02A086E0-1E08-427B-BFD8-E43A210CB61A}.Release|x64.ActiveCfg = Release|Any CPU
		{02A086E0-1E08-427B-BFD8-E43A210CB61A}.Release|x64.Build.0 = Release|Any CPU
		{02A086E0-1E08-427B-BFD8-E43A210CB61A}.Release|x86.ActiveCfg = Release|Any CPU
		{02A086E0-1E08-427B-BFD8-E43A210CB61A}.Release|x86.Build.0 = Release|Any CPU
		{01882D21-4280-4781-9B8F-23647DE18E39}.Ad-Hoc|Any CPU.ActiveCfg = Release|Any CPU
		{01882D21-4280-4781-9B8F-23647DE18E39}.Ad-Hoc|Any CPU.Build.0 = Release|Any CPU
		{01882D21-4280-4781-9B8F-23647DE18E39}.Ad-Hoc|ARM.ActiveCfg = Release|Any CPU
		{01882D21-4280-4781-9B8F-23647DE18E39}.Ad-Hoc|ARM.Build.0 = Release|Any CPU
		{01882D21-4280-4781-9B8F-23647DE18E39}.Ad-Hoc|ARM64.ActiveCfg = Release|Any CPU
		{01882D21-4280-4781-9B8F-23647DE18E39}.Ad-Hoc|ARM64.Build.0 = Release|Any CPU
		{01882D21-4280-4781-9B8F-23647DE18E39}.Ad-Hoc|iPhone.ActiveCfg = Release|Any CPU
		{01882D21-4280-4781-9B8F-23647DE18E39}.Ad-Hoc|iPhone.Build.0 = Release|Any CPU
		{01882D21-4280-4781-9B8F-23647DE18E39}.Ad-Hoc|iPhoneSimulator.ActiveCfg = Release|Any CPU
		{01882D21-4280-4781-9B8F-23647DE18E39}.Ad-Hoc|iPhoneSimulator.Build.0 = Release|Any CPU
		{01882D21-4280-4781-9B8F-23647DE18E39}.Ad-Hoc|x64.ActiveCfg = Release|Any CPU
		{01882D21-4280-4781-9B8F-23647DE18E39}.Ad-Hoc|x64.Build.0 = Release|Any CPU
		{01882D21-4280-4781-9B8F-23647DE18E39}.Ad-Hoc|x86.ActiveCfg = Release|Any CPU
		{01882D21-4280-4781-9B8F-23647DE18E39}.Ad-Hoc|x86.Build.0 = Release|Any CPU
		{01882D21-4280-4781-9B8F-23647DE18E39}.AppStore|Any CPU.ActiveCfg = Release|Any CPU
		{01882D21-4280-4781-9B8F-23647DE18E39}.AppStore|Any CPU.Build.0 = Release|Any CPU
		{01882D21-4280-4781-9B8F-23647DE18E39}.AppStore|ARM.ActiveCfg = Release|Any CPU
		{01882D21-4280-4781-9B8F-23647DE18E39}.AppStore|ARM.Build.0 = Release|Any CPU
		{01882D21-4280-4781-9B8F-23647DE18E39}.AppStore|ARM64.ActiveCfg = Release|Any CPU
		{01882D21-4280-4781-9B8F-23647DE18E39}.AppStore|ARM64.Build.0 = Release|Any CPU
		{01882D21-4280-4781-9B8F-23647DE18E39}.AppStore|iPhone.ActiveCfg = Release|Any CPU
		{01882D21-4280-4781-9B8F-23647DE18E39}.AppStore|iPhone.Build.0 = Release|Any CPU
		{01882D21-4280-4781-9B8F-23647DE18E39}.AppStore|iPhoneSimulator.ActiveCfg = Release|Any CPU
		{01882D21-4280-4781-9B8F-23647DE18E39}.AppStore|iPhoneSimulator.Build.0 = Release|Any CPU
		{01882D21-4280-4781-9B8F-23647DE18E39}.AppStore|x64.ActiveCfg = Release|Any CPU
		{01882D21-4280-4781-9B8F-23647DE18E39}.AppStore|x64.Build.0 = Release|Any CPU
		{01882D21-4280-4781-9B8F-23647DE18E39}.AppStore|x86.ActiveCfg = Release|Any CPU
		{01882D21-4280-4781-9B8F-23647DE18E39}.AppStore|x86.Build.0 = Release|Any CPU
		{01882D21-4280-4781-9B8F-23647DE18E39}.Debug|Any CPU.ActiveCfg = Debug|Any CPU
		{01882D21-4280-4781-9B8F-23647DE18E39}.Debug|Any CPU.Build.0 = Debug|Any CPU
		{01882D21-4280-4781-9B8F-23647DE18E39}.Debug|ARM.ActiveCfg = Debug|Any CPU
		{01882D21-4280-4781-9B8F-23647DE18E39}.Debug|ARM.Build.0 = Debug|Any CPU
		{01882D21-4280-4781-9B8F-23647DE18E39}.Debug|ARM64.ActiveCfg = Debug|Any CPU
		{01882D21-4280-4781-9B8F-23647DE18E39}.Debug|ARM64.Build.0 = Debug|Any CPU
		{01882D21-4280-4781-9B8F-23647DE18E39}.Debug|iPhone.ActiveCfg = Debug|Any CPU
		{01882D21-4280-4781-9B8F-23647DE18E39}.Debug|iPhone.Build.0 = Debug|Any CPU
		{01882D21-4280-4781-9B8F-23647DE18E39}.Debug|iPhoneSimulator.ActiveCfg = Debug|Any CPU
		{01882D21-4280-4781-9B8F-23647DE18E39}.Debug|iPhoneSimulator.Build.0 = Debug|Any CPU
		{01882D21-4280-4781-9B8F-23647DE18E39}.Debug|x64.ActiveCfg = Debug|Any CPU
		{01882D21-4280-4781-9B8F-23647DE18E39}.Debug|x64.Build.0 = Debug|Any CPU
		{01882D21-4280-4781-9B8F-23647DE18E39}.Debug|x86.ActiveCfg = Debug|Any CPU
		{01882D21-4280-4781-9B8F-23647DE18E39}.Debug|x86.Build.0 = Debug|Any CPU
		{01882D21-4280-4781-9B8F-23647DE18E39}.Release|Any CPU.ActiveCfg = Release|Any CPU
		{01882D21-4280-4781-9B8F-23647DE18E39}.Release|Any CPU.Build.0 = Release|Any CPU
		{01882D21-4280-4781-9B8F-23647DE18E39}.Release|ARM.ActiveCfg = Release|Any CPU
		{01882D21-4280-4781-9B8F-23647DE18E39}.Release|ARM.Build.0 = Release|Any CPU
		{01882D21-4280-4781-9B8F-23647DE18E39}.Release|ARM64.ActiveCfg = Release|Any CPU
		{01882D21-4280-4781-9B8F-23647DE18E39}.Release|ARM64.Build.0 = Release|Any CPU
		{01882D21-4280-4781-9B8F-23647DE18E39}.Release|iPhone.ActiveCfg = Release|Any CPU
		{01882D21-4280-4781-9B8F-23647DE18E39}.Release|iPhone.Build.0 = Release|Any CPU
		{01882D21-4280-4781-9B8F-23647DE18E39}.Release|iPhoneSimulator.ActiveCfg = Release|Any CPU
		{01882D21-4280-4781-9B8F-23647DE18E39}.Release|iPhoneSimulator.Build.0 = Release|Any CPU
		{01882D21-4280-4781-9B8F-23647DE18E39}.Release|x64.ActiveCfg = Release|Any CPU
		{01882D21-4280-4781-9B8F-23647DE18E39}.Release|x64.Build.0 = Release|Any CPU
		{01882D21-4280-4781-9B8F-23647DE18E39}.Release|x86.ActiveCfg = Release|Any CPU
		{01882D21-4280-4781-9B8F-23647DE18E39}.Release|x86.Build.0 = Release|Any CPU
		{68B3C75F-4366-4FC5-AC18-273A3320CDDE}.Ad-Hoc|Any CPU.ActiveCfg = Release|Any CPU
		{68B3C75F-4366-4FC5-AC18-273A3320CDDE}.Ad-Hoc|Any CPU.Build.0 = Release|Any CPU
		{68B3C75F-4366-4FC5-AC18-273A3320CDDE}.Ad-Hoc|ARM.ActiveCfg = Release|Any CPU
		{68B3C75F-4366-4FC5-AC18-273A3320CDDE}.Ad-Hoc|ARM.Build.0 = Release|Any CPU
		{68B3C75F-4366-4FC5-AC18-273A3320CDDE}.Ad-Hoc|ARM64.ActiveCfg = Release|Any CPU
		{68B3C75F-4366-4FC5-AC18-273A3320CDDE}.Ad-Hoc|ARM64.Build.0 = Release|Any CPU
		{68B3C75F-4366-4FC5-AC18-273A3320CDDE}.Ad-Hoc|iPhone.ActiveCfg = Release|Any CPU
		{68B3C75F-4366-4FC5-AC18-273A3320CDDE}.Ad-Hoc|iPhone.Build.0 = Release|Any CPU
		{68B3C75F-4366-4FC5-AC18-273A3320CDDE}.Ad-Hoc|iPhoneSimulator.ActiveCfg = Release|Any CPU
		{68B3C75F-4366-4FC5-AC18-273A3320CDDE}.Ad-Hoc|iPhoneSimulator.Build.0 = Release|Any CPU
		{68B3C75F-4366-4FC5-AC18-273A3320CDDE}.Ad-Hoc|x64.ActiveCfg = Release|Any CPU
		{68B3C75F-4366-4FC5-AC18-273A3320CDDE}.Ad-Hoc|x64.Build.0 = Release|Any CPU
		{68B3C75F-4366-4FC5-AC18-273A3320CDDE}.Ad-Hoc|x86.ActiveCfg = Release|Any CPU
		{68B3C75F-4366-4FC5-AC18-273A3320CDDE}.Ad-Hoc|x86.Build.0 = Release|Any CPU
		{68B3C75F-4366-4FC5-AC18-273A3320CDDE}.AppStore|Any CPU.ActiveCfg = Release|Any CPU
		{68B3C75F-4366-4FC5-AC18-273A3320CDDE}.AppStore|Any CPU.Build.0 = Release|Any CPU
		{68B3C75F-4366-4FC5-AC18-273A3320CDDE}.AppStore|ARM.ActiveCfg = Release|Any CPU
		{68B3C75F-4366-4FC5-AC18-273A3320CDDE}.AppStore|ARM.Build.0 = Release|Any CPU
		{68B3C75F-4366-4FC5-AC18-273A3320CDDE}.AppStore|ARM64.ActiveCfg = Release|Any CPU
		{68B3C75F-4366-4FC5-AC18-273A3320CDDE}.AppStore|ARM64.Build.0 = Release|Any CPU
		{68B3C75F-4366-4FC5-AC18-273A3320CDDE}.AppStore|iPhone.ActiveCfg = Release|Any CPU
		{68B3C75F-4366-4FC5-AC18-273A3320CDDE}.AppStore|iPhone.Build.0 = Release|Any CPU
		{68B3C75F-4366-4FC5-AC18-273A3320CDDE}.AppStore|iPhoneSimulator.ActiveCfg = Release|Any CPU
		{68B3C75F-4366-4FC5-AC18-273A3320CDDE}.AppStore|iPhoneSimulator.Build.0 = Release|Any CPU
		{68B3C75F-4366-4FC5-AC18-273A3320CDDE}.AppStore|x64.ActiveCfg = Release|Any CPU
		{68B3C75F-4366-4FC5-AC18-273A3320CDDE}.AppStore|x64.Build.0 = Release|Any CPU
		{68B3C75F-4366-4FC5-AC18-273A3320CDDE}.AppStore|x86.ActiveCfg = Release|Any CPU
		{68B3C75F-4366-4FC5-AC18-273A3320CDDE}.AppStore|x86.Build.0 = Release|Any CPU
		{68B3C75F-4366-4FC5-AC18-273A3320CDDE}.Debug|Any CPU.ActiveCfg = Debug|Any CPU
		{68B3C75F-4366-4FC5-AC18-273A3320CDDE}.Debug|Any CPU.Build.0 = Debug|Any CPU
		{68B3C75F-4366-4FC5-AC18-273A3320CDDE}.Debug|ARM.ActiveCfg = Debug|Any CPU
		{68B3C75F-4366-4FC5-AC18-273A3320CDDE}.Debug|ARM.Build.0 = Debug|Any CPU
		{68B3C75F-4366-4FC5-AC18-273A3320CDDE}.Debug|ARM64.ActiveCfg = Debug|Any CPU
		{68B3C75F-4366-4FC5-AC18-273A3320CDDE}.Debug|ARM64.Build.0 = Debug|Any CPU
		{68B3C75F-4366-4FC5-AC18-273A3320CDDE}.Debug|iPhone.ActiveCfg = Debug|Any CPU
		{68B3C75F-4366-4FC5-AC18-273A3320CDDE}.Debug|iPhone.Build.0 = Debug|Any CPU
		{68B3C75F-4366-4FC5-AC18-273A3320CDDE}.Debug|iPhoneSimulator.ActiveCfg = Debug|Any CPU
		{68B3C75F-4366-4FC5-AC18-273A3320CDDE}.Debug|iPhoneSimulator.Build.0 = Debug|Any CPU
		{68B3C75F-4366-4FC5-AC18-273A3320CDDE}.Debug|x64.ActiveCfg = Debug|Any CPU
		{68B3C75F-4366-4FC5-AC18-273A3320CDDE}.Debug|x64.Build.0 = Debug|Any CPU
		{68B3C75F-4366-4FC5-AC18-273A3320CDDE}.Debug|x86.ActiveCfg = Debug|Any CPU
		{68B3C75F-4366-4FC5-AC18-273A3320CDDE}.Debug|x86.Build.0 = Debug|Any CPU
		{68B3C75F-4366-4FC5-AC18-273A3320CDDE}.Release|Any CPU.ActiveCfg = Release|Any CPU
		{68B3C75F-4366-4FC5-AC18-273A3320CDDE}.Release|Any CPU.Build.0 = Release|Any CPU
		{68B3C75F-4366-4FC5-AC18-273A3320CDDE}.Release|ARM.ActiveCfg = Release|Any CPU
		{68B3C75F-4366-4FC5-AC18-273A3320CDDE}.Release|ARM.Build.0 = Release|Any CPU
		{68B3C75F-4366-4FC5-AC18-273A3320CDDE}.Release|ARM64.ActiveCfg = Release|Any CPU
		{68B3C75F-4366-4FC5-AC18-273A3320CDDE}.Release|ARM64.Build.0 = Release|Any CPU
		{68B3C75F-4366-4FC5-AC18-273A3320CDDE}.Release|iPhone.ActiveCfg = Release|Any CPU
		{68B3C75F-4366-4FC5-AC18-273A3320CDDE}.Release|iPhone.Build.0 = Release|Any CPU
		{68B3C75F-4366-4FC5-AC18-273A3320CDDE}.Release|iPhoneSimulator.ActiveCfg = Release|Any CPU
		{68B3C75F-4366-4FC5-AC18-273A3320CDDE}.Release|iPhoneSimulator.Build.0 = Release|Any CPU
		{68B3C75F-4366-4FC5-AC18-273A3320CDDE}.Release|x64.ActiveCfg = Release|Any CPU
		{68B3C75F-4366-4FC5-AC18-273A3320CDDE}.Release|x64.Build.0 = Release|Any CPU
		{68B3C75F-4366-4FC5-AC18-273A3320CDDE}.Release|x86.ActiveCfg = Release|Any CPU
		{68B3C75F-4366-4FC5-AC18-273A3320CDDE}.Release|x86.Build.0 = Release|Any CPU
		{5964BB4F-2268-4DEB-A353-029AA39AB0D8}.Ad-Hoc|Any CPU.ActiveCfg = Release|x64
		{5964BB4F-2268-4DEB-A353-029AA39AB0D8}.Ad-Hoc|Any CPU.Build.0 = Release|x64
		{5964BB4F-2268-4DEB-A353-029AA39AB0D8}.Ad-Hoc|Any CPU.Deploy.0 = Release|x64
		{5964BB4F-2268-4DEB-A353-029AA39AB0D8}.Ad-Hoc|ARM.ActiveCfg = Release|ARM
		{5964BB4F-2268-4DEB-A353-029AA39AB0D8}.Ad-Hoc|ARM.Build.0 = Release|ARM
		{5964BB4F-2268-4DEB-A353-029AA39AB0D8}.Ad-Hoc|ARM.Deploy.0 = Release|ARM
		{5964BB4F-2268-4DEB-A353-029AA39AB0D8}.Ad-Hoc|ARM64.ActiveCfg = Release|ARM64
		{5964BB4F-2268-4DEB-A353-029AA39AB0D8}.Ad-Hoc|ARM64.Build.0 = Release|ARM64
		{5964BB4F-2268-4DEB-A353-029AA39AB0D8}.Ad-Hoc|ARM64.Deploy.0 = Release|ARM64
		{5964BB4F-2268-4DEB-A353-029AA39AB0D8}.Ad-Hoc|iPhone.ActiveCfg = Release|x64
		{5964BB4F-2268-4DEB-A353-029AA39AB0D8}.Ad-Hoc|iPhone.Build.0 = Release|x64
		{5964BB4F-2268-4DEB-A353-029AA39AB0D8}.Ad-Hoc|iPhone.Deploy.0 = Release|x64
		{5964BB4F-2268-4DEB-A353-029AA39AB0D8}.Ad-Hoc|iPhoneSimulator.ActiveCfg = Release|x64
		{5964BB4F-2268-4DEB-A353-029AA39AB0D8}.Ad-Hoc|iPhoneSimulator.Build.0 = Release|x64
		{5964BB4F-2268-4DEB-A353-029AA39AB0D8}.Ad-Hoc|iPhoneSimulator.Deploy.0 = Release|x64
		{5964BB4F-2268-4DEB-A353-029AA39AB0D8}.Ad-Hoc|x64.ActiveCfg = Release|x64
		{5964BB4F-2268-4DEB-A353-029AA39AB0D8}.Ad-Hoc|x64.Build.0 = Release|x64
		{5964BB4F-2268-4DEB-A353-029AA39AB0D8}.Ad-Hoc|x64.Deploy.0 = Release|x64
		{5964BB4F-2268-4DEB-A353-029AA39AB0D8}.Ad-Hoc|x86.ActiveCfg = Release|x86
		{5964BB4F-2268-4DEB-A353-029AA39AB0D8}.Ad-Hoc|x86.Build.0 = Release|x86
		{5964BB4F-2268-4DEB-A353-029AA39AB0D8}.Ad-Hoc|x86.Deploy.0 = Release|x86
		{5964BB4F-2268-4DEB-A353-029AA39AB0D8}.AppStore|Any CPU.ActiveCfg = Release|x64
		{5964BB4F-2268-4DEB-A353-029AA39AB0D8}.AppStore|Any CPU.Build.0 = Release|x64
		{5964BB4F-2268-4DEB-A353-029AA39AB0D8}.AppStore|Any CPU.Deploy.0 = Release|x64
		{5964BB4F-2268-4DEB-A353-029AA39AB0D8}.AppStore|ARM.ActiveCfg = Release|ARM
		{5964BB4F-2268-4DEB-A353-029AA39AB0D8}.AppStore|ARM.Build.0 = Release|ARM
		{5964BB4F-2268-4DEB-A353-029AA39AB0D8}.AppStore|ARM.Deploy.0 = Release|ARM
		{5964BB4F-2268-4DEB-A353-029AA39AB0D8}.AppStore|ARM64.ActiveCfg = Release|ARM64
		{5964BB4F-2268-4DEB-A353-029AA39AB0D8}.AppStore|ARM64.Build.0 = Release|ARM64
		{5964BB4F-2268-4DEB-A353-029AA39AB0D8}.AppStore|ARM64.Deploy.0 = Release|ARM64
		{5964BB4F-2268-4DEB-A353-029AA39AB0D8}.AppStore|iPhone.ActiveCfg = Release|x64
		{5964BB4F-2268-4DEB-A353-029AA39AB0D8}.AppStore|iPhone.Build.0 = Release|x64
		{5964BB4F-2268-4DEB-A353-029AA39AB0D8}.AppStore|iPhone.Deploy.0 = Release|x64
		{5964BB4F-2268-4DEB-A353-029AA39AB0D8}.AppStore|iPhoneSimulator.ActiveCfg = Release|x64
		{5964BB4F-2268-4DEB-A353-029AA39AB0D8}.AppStore|iPhoneSimulator.Build.0 = Release|x64
		{5964BB4F-2268-4DEB-A353-029AA39AB0D8}.AppStore|iPhoneSimulator.Deploy.0 = Release|x64
		{5964BB4F-2268-4DEB-A353-029AA39AB0D8}.AppStore|x64.ActiveCfg = Release|x64
		{5964BB4F-2268-4DEB-A353-029AA39AB0D8}.AppStore|x64.Build.0 = Release|x64
		{5964BB4F-2268-4DEB-A353-029AA39AB0D8}.AppStore|x64.Deploy.0 = Release|x64
		{5964BB4F-2268-4DEB-A353-029AA39AB0D8}.AppStore|x86.ActiveCfg = Release|x86
		{5964BB4F-2268-4DEB-A353-029AA39AB0D8}.AppStore|x86.Build.0 = Release|x86
		{5964BB4F-2268-4DEB-A353-029AA39AB0D8}.AppStore|x86.Deploy.0 = Release|x86
		{5964BB4F-2268-4DEB-A353-029AA39AB0D8}.Debug|Any CPU.ActiveCfg = Debug|x86
		{5964BB4F-2268-4DEB-A353-029AA39AB0D8}.Debug|ARM.ActiveCfg = Debug|ARM
		{5964BB4F-2268-4DEB-A353-029AA39AB0D8}.Debug|ARM.Build.0 = Debug|ARM
		{5964BB4F-2268-4DEB-A353-029AA39AB0D8}.Debug|ARM.Deploy.0 = Debug|ARM
		{5964BB4F-2268-4DEB-A353-029AA39AB0D8}.Debug|ARM64.ActiveCfg = Debug|ARM64
		{5964BB4F-2268-4DEB-A353-029AA39AB0D8}.Debug|ARM64.Build.0 = Debug|ARM64
		{5964BB4F-2268-4DEB-A353-029AA39AB0D8}.Debug|ARM64.Deploy.0 = Debug|ARM64
		{5964BB4F-2268-4DEB-A353-029AA39AB0D8}.Debug|iPhone.ActiveCfg = Debug|x86
		{5964BB4F-2268-4DEB-A353-029AA39AB0D8}.Debug|iPhoneSimulator.ActiveCfg = Debug|x86
		{5964BB4F-2268-4DEB-A353-029AA39AB0D8}.Debug|x64.ActiveCfg = Debug|x64
		{5964BB4F-2268-4DEB-A353-029AA39AB0D8}.Debug|x64.Build.0 = Debug|x64
		{5964BB4F-2268-4DEB-A353-029AA39AB0D8}.Debug|x64.Deploy.0 = Debug|x64
		{5964BB4F-2268-4DEB-A353-029AA39AB0D8}.Debug|x86.ActiveCfg = Debug|x86
		{5964BB4F-2268-4DEB-A353-029AA39AB0D8}.Debug|x86.Build.0 = Debug|x86
		{5964BB4F-2268-4DEB-A353-029AA39AB0D8}.Debug|x86.Deploy.0 = Debug|x86
		{5964BB4F-2268-4DEB-A353-029AA39AB0D8}.Release|Any CPU.ActiveCfg = Release|x86
		{5964BB4F-2268-4DEB-A353-029AA39AB0D8}.Release|ARM.ActiveCfg = Release|ARM
		{5964BB4F-2268-4DEB-A353-029AA39AB0D8}.Release|ARM.Build.0 = Release|ARM
		{5964BB4F-2268-4DEB-A353-029AA39AB0D8}.Release|ARM.Deploy.0 = Release|ARM
		{5964BB4F-2268-4DEB-A353-029AA39AB0D8}.Release|ARM64.ActiveCfg = Release|ARM64
		{5964BB4F-2268-4DEB-A353-029AA39AB0D8}.Release|ARM64.Build.0 = Release|ARM64
		{5964BB4F-2268-4DEB-A353-029AA39AB0D8}.Release|ARM64.Deploy.0 = Release|ARM64
		{5964BB4F-2268-4DEB-A353-029AA39AB0D8}.Release|iPhone.ActiveCfg = Release|x86
		{5964BB4F-2268-4DEB-A353-029AA39AB0D8}.Release|iPhoneSimulator.ActiveCfg = Release|x86
		{5964BB4F-2268-4DEB-A353-029AA39AB0D8}.Release|x64.ActiveCfg = Release|x64
		{5964BB4F-2268-4DEB-A353-029AA39AB0D8}.Release|x64.Build.0 = Release|x64
		{5964BB4F-2268-4DEB-A353-029AA39AB0D8}.Release|x64.Deploy.0 = Release|x64
		{5964BB4F-2268-4DEB-A353-029AA39AB0D8}.Release|x86.ActiveCfg = Release|x86
		{5964BB4F-2268-4DEB-A353-029AA39AB0D8}.Release|x86.Build.0 = Release|x86
		{5964BB4F-2268-4DEB-A353-029AA39AB0D8}.Release|x86.Deploy.0 = Release|x86
		{F176DF9D-F00C-41A1-8451-8AA3818CD277}.Ad-Hoc|Any CPU.ActiveCfg = Debug|x86
		{F176DF9D-F00C-41A1-8451-8AA3818CD277}.Ad-Hoc|Any CPU.Build.0 = Debug|x86
		{F176DF9D-F00C-41A1-8451-8AA3818CD277}.Ad-Hoc|Any CPU.Deploy.0 = Debug|x86
		{F176DF9D-F00C-41A1-8451-8AA3818CD277}.Ad-Hoc|ARM.ActiveCfg = Debug|ARM
		{F176DF9D-F00C-41A1-8451-8AA3818CD277}.Ad-Hoc|ARM.Build.0 = Debug|ARM
		{F176DF9D-F00C-41A1-8451-8AA3818CD277}.Ad-Hoc|ARM.Deploy.0 = Debug|ARM
		{F176DF9D-F00C-41A1-8451-8AA3818CD277}.Ad-Hoc|ARM64.ActiveCfg = Debug|ARM64
		{F176DF9D-F00C-41A1-8451-8AA3818CD277}.Ad-Hoc|ARM64.Build.0 = Debug|ARM64
		{F176DF9D-F00C-41A1-8451-8AA3818CD277}.Ad-Hoc|ARM64.Deploy.0 = Debug|ARM64
		{F176DF9D-F00C-41A1-8451-8AA3818CD277}.Ad-Hoc|iPhone.ActiveCfg = Debug|x86
		{F176DF9D-F00C-41A1-8451-8AA3818CD277}.Ad-Hoc|iPhone.Build.0 = Debug|x86
		{F176DF9D-F00C-41A1-8451-8AA3818CD277}.Ad-Hoc|iPhone.Deploy.0 = Debug|x86
		{F176DF9D-F00C-41A1-8451-8AA3818CD277}.Ad-Hoc|iPhoneSimulator.ActiveCfg = Debug|x86
		{F176DF9D-F00C-41A1-8451-8AA3818CD277}.Ad-Hoc|iPhoneSimulator.Build.0 = Debug|x86
		{F176DF9D-F00C-41A1-8451-8AA3818CD277}.Ad-Hoc|iPhoneSimulator.Deploy.0 = Debug|x86
		{F176DF9D-F00C-41A1-8451-8AA3818CD277}.Ad-Hoc|x64.ActiveCfg = Debug|x64
		{F176DF9D-F00C-41A1-8451-8AA3818CD277}.Ad-Hoc|x64.Build.0 = Debug|x64
		{F176DF9D-F00C-41A1-8451-8AA3818CD277}.Ad-Hoc|x64.Deploy.0 = Debug|x64
		{F176DF9D-F00C-41A1-8451-8AA3818CD277}.Ad-Hoc|x86.ActiveCfg = Debug|x86
		{F176DF9D-F00C-41A1-8451-8AA3818CD277}.Ad-Hoc|x86.Build.0 = Debug|x86
		{F176DF9D-F00C-41A1-8451-8AA3818CD277}.Ad-Hoc|x86.Deploy.0 = Debug|x86
		{F176DF9D-F00C-41A1-8451-8AA3818CD277}.AppStore|Any CPU.ActiveCfg = Debug|x86
		{F176DF9D-F00C-41A1-8451-8AA3818CD277}.AppStore|Any CPU.Build.0 = Debug|x86
		{F176DF9D-F00C-41A1-8451-8AA3818CD277}.AppStore|Any CPU.Deploy.0 = Debug|x86
		{F176DF9D-F00C-41A1-8451-8AA3818CD277}.AppStore|ARM.ActiveCfg = Debug|ARM
		{F176DF9D-F00C-41A1-8451-8AA3818CD277}.AppStore|ARM.Build.0 = Debug|ARM
		{F176DF9D-F00C-41A1-8451-8AA3818CD277}.AppStore|ARM.Deploy.0 = Debug|ARM
		{F176DF9D-F00C-41A1-8451-8AA3818CD277}.AppStore|ARM64.ActiveCfg = Debug|ARM64
		{F176DF9D-F00C-41A1-8451-8AA3818CD277}.AppStore|ARM64.Build.0 = Debug|ARM64
		{F176DF9D-F00C-41A1-8451-8AA3818CD277}.AppStore|ARM64.Deploy.0 = Debug|ARM64
		{F176DF9D-F00C-41A1-8451-8AA3818CD277}.AppStore|iPhone.ActiveCfg = Debug|x86
		{F176DF9D-F00C-41A1-8451-8AA3818CD277}.AppStore|iPhone.Build.0 = Debug|x86
		{F176DF9D-F00C-41A1-8451-8AA3818CD277}.AppStore|iPhone.Deploy.0 = Debug|x86
		{F176DF9D-F00C-41A1-8451-8AA3818CD277}.AppStore|iPhoneSimulator.ActiveCfg = Debug|x86
		{F176DF9D-F00C-41A1-8451-8AA3818CD277}.AppStore|iPhoneSimulator.Build.0 = Debug|x86
		{F176DF9D-F00C-41A1-8451-8AA3818CD277}.AppStore|iPhoneSimulator.Deploy.0 = Debug|x86
		{F176DF9D-F00C-41A1-8451-8AA3818CD277}.AppStore|x64.ActiveCfg = Debug|x64
		{F176DF9D-F00C-41A1-8451-8AA3818CD277}.AppStore|x64.Build.0 = Debug|x64
		{F176DF9D-F00C-41A1-8451-8AA3818CD277}.AppStore|x64.Deploy.0 = Debug|x64
		{F176DF9D-F00C-41A1-8451-8AA3818CD277}.AppStore|x86.ActiveCfg = Debug|x86
		{F176DF9D-F00C-41A1-8451-8AA3818CD277}.AppStore|x86.Build.0 = Debug|x86
		{F176DF9D-F00C-41A1-8451-8AA3818CD277}.AppStore|x86.Deploy.0 = Debug|x86
		{F176DF9D-F00C-41A1-8451-8AA3818CD277}.Debug|Any CPU.ActiveCfg = Debug|x86
		{F176DF9D-F00C-41A1-8451-8AA3818CD277}.Debug|Any CPU.Build.0 = Debug|x86
		{F176DF9D-F00C-41A1-8451-8AA3818CD277}.Debug|Any CPU.Deploy.0 = Debug|x86
		{F176DF9D-F00C-41A1-8451-8AA3818CD277}.Debug|ARM.ActiveCfg = Debug|ARM
		{F176DF9D-F00C-41A1-8451-8AA3818CD277}.Debug|ARM.Build.0 = Debug|ARM
		{F176DF9D-F00C-41A1-8451-8AA3818CD277}.Debug|ARM.Deploy.0 = Debug|ARM
		{F176DF9D-F00C-41A1-8451-8AA3818CD277}.Debug|ARM64.ActiveCfg = Debug|ARM64
		{F176DF9D-F00C-41A1-8451-8AA3818CD277}.Debug|ARM64.Build.0 = Debug|ARM64
		{F176DF9D-F00C-41A1-8451-8AA3818CD277}.Debug|ARM64.Deploy.0 = Debug|ARM64
		{F176DF9D-F00C-41A1-8451-8AA3818CD277}.Debug|iPhone.ActiveCfg = Debug|x86
		{F176DF9D-F00C-41A1-8451-8AA3818CD277}.Debug|iPhoneSimulator.ActiveCfg = Debug|x86
		{F176DF9D-F00C-41A1-8451-8AA3818CD277}.Debug|x64.ActiveCfg = Debug|x64
		{F176DF9D-F00C-41A1-8451-8AA3818CD277}.Debug|x64.Build.0 = Debug|x64
		{F176DF9D-F00C-41A1-8451-8AA3818CD277}.Debug|x64.Deploy.0 = Debug|x64
		{F176DF9D-F00C-41A1-8451-8AA3818CD277}.Debug|x86.ActiveCfg = Debug|x86
		{F176DF9D-F00C-41A1-8451-8AA3818CD277}.Debug|x86.Build.0 = Debug|x86
		{F176DF9D-F00C-41A1-8451-8AA3818CD277}.Debug|x86.Deploy.0 = Debug|x86
		{F176DF9D-F00C-41A1-8451-8AA3818CD277}.Release|Any CPU.ActiveCfg = Release|x86
		{F176DF9D-F00C-41A1-8451-8AA3818CD277}.Release|ARM.ActiveCfg = Release|ARM
		{F176DF9D-F00C-41A1-8451-8AA3818CD277}.Release|ARM.Build.0 = Release|ARM
		{F176DF9D-F00C-41A1-8451-8AA3818CD277}.Release|ARM.Deploy.0 = Release|ARM
		{F176DF9D-F00C-41A1-8451-8AA3818CD277}.Release|ARM64.ActiveCfg = Release|ARM64
		{F176DF9D-F00C-41A1-8451-8AA3818CD277}.Release|ARM64.Build.0 = Release|ARM64
		{F176DF9D-F00C-41A1-8451-8AA3818CD277}.Release|ARM64.Deploy.0 = Release|ARM64
		{F176DF9D-F00C-41A1-8451-8AA3818CD277}.Release|iPhone.ActiveCfg = Release|x86
		{F176DF9D-F00C-41A1-8451-8AA3818CD277}.Release|iPhoneSimulator.ActiveCfg = Release|x86
		{F176DF9D-F00C-41A1-8451-8AA3818CD277}.Release|x64.ActiveCfg = Release|x64
		{F176DF9D-F00C-41A1-8451-8AA3818CD277}.Release|x64.Build.0 = Release|x64
		{F176DF9D-F00C-41A1-8451-8AA3818CD277}.Release|x64.Deploy.0 = Release|x64
		{F176DF9D-F00C-41A1-8451-8AA3818CD277}.Release|x86.ActiveCfg = Release|x86
		{F176DF9D-F00C-41A1-8451-8AA3818CD277}.Release|x86.Build.0 = Release|x86
		{F176DF9D-F00C-41A1-8451-8AA3818CD277}.Release|x86.Deploy.0 = Release|x86
		{A2E0243D-AD59-4312-B554-891A89ED1FF0}.Ad-Hoc|Any CPU.ActiveCfg = Debug|x86
		{A2E0243D-AD59-4312-B554-891A89ED1FF0}.Ad-Hoc|Any CPU.Build.0 = Debug|x86
		{A2E0243D-AD59-4312-B554-891A89ED1FF0}.Ad-Hoc|Any CPU.Deploy.0 = Debug|x86
		{A2E0243D-AD59-4312-B554-891A89ED1FF0}.Ad-Hoc|ARM.ActiveCfg = Debug|ARM
		{A2E0243D-AD59-4312-B554-891A89ED1FF0}.Ad-Hoc|ARM.Build.0 = Debug|ARM
		{A2E0243D-AD59-4312-B554-891A89ED1FF0}.Ad-Hoc|ARM.Deploy.0 = Debug|ARM
		{A2E0243D-AD59-4312-B554-891A89ED1FF0}.Ad-Hoc|ARM64.ActiveCfg = Debug|ARM64
		{A2E0243D-AD59-4312-B554-891A89ED1FF0}.Ad-Hoc|ARM64.Build.0 = Debug|ARM64
		{A2E0243D-AD59-4312-B554-891A89ED1FF0}.Ad-Hoc|ARM64.Deploy.0 = Debug|ARM64
		{A2E0243D-AD59-4312-B554-891A89ED1FF0}.Ad-Hoc|iPhone.ActiveCfg = Debug|x86
		{A2E0243D-AD59-4312-B554-891A89ED1FF0}.Ad-Hoc|iPhone.Build.0 = Debug|x86
		{A2E0243D-AD59-4312-B554-891A89ED1FF0}.Ad-Hoc|iPhone.Deploy.0 = Debug|x86
		{A2E0243D-AD59-4312-B554-891A89ED1FF0}.Ad-Hoc|iPhoneSimulator.ActiveCfg = Debug|x86
		{A2E0243D-AD59-4312-B554-891A89ED1FF0}.Ad-Hoc|iPhoneSimulator.Build.0 = Debug|x86
		{A2E0243D-AD59-4312-B554-891A89ED1FF0}.Ad-Hoc|iPhoneSimulator.Deploy.0 = Debug|x86
		{A2E0243D-AD59-4312-B554-891A89ED1FF0}.Ad-Hoc|x64.ActiveCfg = Debug|x64
		{A2E0243D-AD59-4312-B554-891A89ED1FF0}.Ad-Hoc|x64.Build.0 = Debug|x64
		{A2E0243D-AD59-4312-B554-891A89ED1FF0}.Ad-Hoc|x64.Deploy.0 = Debug|x64
		{A2E0243D-AD59-4312-B554-891A89ED1FF0}.Ad-Hoc|x86.ActiveCfg = Debug|x86
		{A2E0243D-AD59-4312-B554-891A89ED1FF0}.Ad-Hoc|x86.Build.0 = Debug|x86
		{A2E0243D-AD59-4312-B554-891A89ED1FF0}.Ad-Hoc|x86.Deploy.0 = Debug|x86
		{A2E0243D-AD59-4312-B554-891A89ED1FF0}.AppStore|Any CPU.ActiveCfg = Debug|x86
		{A2E0243D-AD59-4312-B554-891A89ED1FF0}.AppStore|Any CPU.Build.0 = Debug|x86
		{A2E0243D-AD59-4312-B554-891A89ED1FF0}.AppStore|Any CPU.Deploy.0 = Debug|x86
		{A2E0243D-AD59-4312-B554-891A89ED1FF0}.AppStore|ARM.ActiveCfg = Debug|ARM
		{A2E0243D-AD59-4312-B554-891A89ED1FF0}.AppStore|ARM.Build.0 = Debug|ARM
		{A2E0243D-AD59-4312-B554-891A89ED1FF0}.AppStore|ARM.Deploy.0 = Debug|ARM
		{A2E0243D-AD59-4312-B554-891A89ED1FF0}.AppStore|ARM64.ActiveCfg = Debug|ARM64
		{A2E0243D-AD59-4312-B554-891A89ED1FF0}.AppStore|ARM64.Build.0 = Debug|ARM64
		{A2E0243D-AD59-4312-B554-891A89ED1FF0}.AppStore|ARM64.Deploy.0 = Debug|ARM64
		{A2E0243D-AD59-4312-B554-891A89ED1FF0}.AppStore|iPhone.ActiveCfg = Debug|x86
		{A2E0243D-AD59-4312-B554-891A89ED1FF0}.AppStore|iPhone.Build.0 = Debug|x86
		{A2E0243D-AD59-4312-B554-891A89ED1FF0}.AppStore|iPhone.Deploy.0 = Debug|x86
		{A2E0243D-AD59-4312-B554-891A89ED1FF0}.AppStore|iPhoneSimulator.ActiveCfg = Debug|x86
		{A2E0243D-AD59-4312-B554-891A89ED1FF0}.AppStore|iPhoneSimulator.Build.0 = Debug|x86
		{A2E0243D-AD59-4312-B554-891A89ED1FF0}.AppStore|iPhoneSimulator.Deploy.0 = Debug|x86
		{A2E0243D-AD59-4312-B554-891A89ED1FF0}.AppStore|x64.ActiveCfg = Debug|x64
		{A2E0243D-AD59-4312-B554-891A89ED1FF0}.AppStore|x64.Build.0 = Debug|x64
		{A2E0243D-AD59-4312-B554-891A89ED1FF0}.AppStore|x64.Deploy.0 = Debug|x64
		{A2E0243D-AD59-4312-B554-891A89ED1FF0}.AppStore|x86.ActiveCfg = Debug|x86
		{A2E0243D-AD59-4312-B554-891A89ED1FF0}.AppStore|x86.Build.0 = Debug|x86
		{A2E0243D-AD59-4312-B554-891A89ED1FF0}.AppStore|x86.Deploy.0 = Debug|x86
		{A2E0243D-AD59-4312-B554-891A89ED1FF0}.Debug|Any CPU.ActiveCfg = Debug|x86
		{A2E0243D-AD59-4312-B554-891A89ED1FF0}.Debug|Any CPU.Build.0 = Debug|x86
		{A2E0243D-AD59-4312-B554-891A89ED1FF0}.Debug|Any CPU.Deploy.0 = Debug|x86
		{A2E0243D-AD59-4312-B554-891A89ED1FF0}.Debug|ARM.ActiveCfg = Debug|ARM
		{A2E0243D-AD59-4312-B554-891A89ED1FF0}.Debug|ARM.Build.0 = Debug|ARM
		{A2E0243D-AD59-4312-B554-891A89ED1FF0}.Debug|ARM.Deploy.0 = Debug|ARM
		{A2E0243D-AD59-4312-B554-891A89ED1FF0}.Debug|ARM64.ActiveCfg = Debug|ARM64
		{A2E0243D-AD59-4312-B554-891A89ED1FF0}.Debug|ARM64.Build.0 = Debug|ARM64
		{A2E0243D-AD59-4312-B554-891A89ED1FF0}.Debug|ARM64.Deploy.0 = Debug|ARM64
		{A2E0243D-AD59-4312-B554-891A89ED1FF0}.Debug|iPhone.ActiveCfg = Debug|x86
		{A2E0243D-AD59-4312-B554-891A89ED1FF0}.Debug|iPhoneSimulator.ActiveCfg = Debug|x86
		{A2E0243D-AD59-4312-B554-891A89ED1FF0}.Debug|x64.ActiveCfg = Debug|x64
		{A2E0243D-AD59-4312-B554-891A89ED1FF0}.Debug|x64.Build.0 = Debug|x64
		{A2E0243D-AD59-4312-B554-891A89ED1FF0}.Debug|x64.Deploy.0 = Debug|x64
		{A2E0243D-AD59-4312-B554-891A89ED1FF0}.Debug|x86.ActiveCfg = Debug|x86
		{A2E0243D-AD59-4312-B554-891A89ED1FF0}.Debug|x86.Build.0 = Debug|x86
		{A2E0243D-AD59-4312-B554-891A89ED1FF0}.Debug|x86.Deploy.0 = Debug|x86
		{A2E0243D-AD59-4312-B554-891A89ED1FF0}.Release|Any CPU.ActiveCfg = Release|x86
		{A2E0243D-AD59-4312-B554-891A89ED1FF0}.Release|ARM.ActiveCfg = Release|ARM
		{A2E0243D-AD59-4312-B554-891A89ED1FF0}.Release|ARM.Build.0 = Release|ARM
		{A2E0243D-AD59-4312-B554-891A89ED1FF0}.Release|ARM.Deploy.0 = Release|ARM
		{A2E0243D-AD59-4312-B554-891A89ED1FF0}.Release|ARM64.ActiveCfg = Release|ARM64
		{A2E0243D-AD59-4312-B554-891A89ED1FF0}.Release|ARM64.Build.0 = Release|ARM64
		{A2E0243D-AD59-4312-B554-891A89ED1FF0}.Release|ARM64.Deploy.0 = Release|ARM64
		{A2E0243D-AD59-4312-B554-891A89ED1FF0}.Release|iPhone.ActiveCfg = Release|x86
		{A2E0243D-AD59-4312-B554-891A89ED1FF0}.Release|iPhoneSimulator.ActiveCfg = Release|x86
		{A2E0243D-AD59-4312-B554-891A89ED1FF0}.Release|x64.ActiveCfg = Release|x64
		{A2E0243D-AD59-4312-B554-891A89ED1FF0}.Release|x64.Build.0 = Release|x64
		{A2E0243D-AD59-4312-B554-891A89ED1FF0}.Release|x64.Deploy.0 = Release|x64
		{A2E0243D-AD59-4312-B554-891A89ED1FF0}.Release|x86.ActiveCfg = Release|x86
		{A2E0243D-AD59-4312-B554-891A89ED1FF0}.Release|x86.Build.0 = Release|x86
		{A2E0243D-AD59-4312-B554-891A89ED1FF0}.Release|x86.Deploy.0 = Release|x86
		{ED78DED0-2616-47EA-8CAA-0CAFA37D074F}.Ad-Hoc|Any CPU.ActiveCfg = Debug|Any CPU
		{ED78DED0-2616-47EA-8CAA-0CAFA37D074F}.Ad-Hoc|Any CPU.Build.0 = Debug|Any CPU
		{ED78DED0-2616-47EA-8CAA-0CAFA37D074F}.Ad-Hoc|ARM.ActiveCfg = Debug|Any CPU
		{ED78DED0-2616-47EA-8CAA-0CAFA37D074F}.Ad-Hoc|ARM.Build.0 = Debug|Any CPU
		{ED78DED0-2616-47EA-8CAA-0CAFA37D074F}.Ad-Hoc|ARM64.ActiveCfg = Debug|Any CPU
		{ED78DED0-2616-47EA-8CAA-0CAFA37D074F}.Ad-Hoc|ARM64.Build.0 = Debug|Any CPU
		{ED78DED0-2616-47EA-8CAA-0CAFA37D074F}.Ad-Hoc|iPhone.ActiveCfg = Debug|Any CPU
		{ED78DED0-2616-47EA-8CAA-0CAFA37D074F}.Ad-Hoc|iPhone.Build.0 = Debug|Any CPU
		{ED78DED0-2616-47EA-8CAA-0CAFA37D074F}.Ad-Hoc|iPhoneSimulator.ActiveCfg = Debug|Any CPU
		{ED78DED0-2616-47EA-8CAA-0CAFA37D074F}.Ad-Hoc|iPhoneSimulator.Build.0 = Debug|Any CPU
		{ED78DED0-2616-47EA-8CAA-0CAFA37D074F}.Ad-Hoc|x64.ActiveCfg = Debug|Any CPU
		{ED78DED0-2616-47EA-8CAA-0CAFA37D074F}.Ad-Hoc|x64.Build.0 = Debug|Any CPU
		{ED78DED0-2616-47EA-8CAA-0CAFA37D074F}.Ad-Hoc|x86.ActiveCfg = Debug|Any CPU
		{ED78DED0-2616-47EA-8CAA-0CAFA37D074F}.Ad-Hoc|x86.Build.0 = Debug|Any CPU
		{ED78DED0-2616-47EA-8CAA-0CAFA37D074F}.AppStore|Any CPU.ActiveCfg = Debug|Any CPU
		{ED78DED0-2616-47EA-8CAA-0CAFA37D074F}.AppStore|Any CPU.Build.0 = Debug|Any CPU
		{ED78DED0-2616-47EA-8CAA-0CAFA37D074F}.AppStore|ARM.ActiveCfg = Debug|Any CPU
		{ED78DED0-2616-47EA-8CAA-0CAFA37D074F}.AppStore|ARM.Build.0 = Debug|Any CPU
		{ED78DED0-2616-47EA-8CAA-0CAFA37D074F}.AppStore|ARM64.ActiveCfg = Debug|Any CPU
		{ED78DED0-2616-47EA-8CAA-0CAFA37D074F}.AppStore|ARM64.Build.0 = Debug|Any CPU
		{ED78DED0-2616-47EA-8CAA-0CAFA37D074F}.AppStore|iPhone.ActiveCfg = Debug|Any CPU
		{ED78DED0-2616-47EA-8CAA-0CAFA37D074F}.AppStore|iPhone.Build.0 = Debug|Any CPU
		{ED78DED0-2616-47EA-8CAA-0CAFA37D074F}.AppStore|iPhoneSimulator.ActiveCfg = Debug|Any CPU
		{ED78DED0-2616-47EA-8CAA-0CAFA37D074F}.AppStore|iPhoneSimulator.Build.0 = Debug|Any CPU
		{ED78DED0-2616-47EA-8CAA-0CAFA37D074F}.AppStore|x64.ActiveCfg = Debug|Any CPU
		{ED78DED0-2616-47EA-8CAA-0CAFA37D074F}.AppStore|x64.Build.0 = Debug|Any CPU
		{ED78DED0-2616-47EA-8CAA-0CAFA37D074F}.AppStore|x86.ActiveCfg = Debug|Any CPU
		{ED78DED0-2616-47EA-8CAA-0CAFA37D074F}.AppStore|x86.Build.0 = Debug|Any CPU
		{ED78DED0-2616-47EA-8CAA-0CAFA37D074F}.Debug|Any CPU.ActiveCfg = Debug|Any CPU
		{ED78DED0-2616-47EA-8CAA-0CAFA37D074F}.Debug|Any CPU.Build.0 = Debug|Any CPU
		{ED78DED0-2616-47EA-8CAA-0CAFA37D074F}.Debug|ARM.ActiveCfg = Debug|Any CPU
		{ED78DED0-2616-47EA-8CAA-0CAFA37D074F}.Debug|ARM.Build.0 = Debug|Any CPU
		{ED78DED0-2616-47EA-8CAA-0CAFA37D074F}.Debug|ARM64.ActiveCfg = Debug|Any CPU
		{ED78DED0-2616-47EA-8CAA-0CAFA37D074F}.Debug|ARM64.Build.0 = Debug|Any CPU
		{ED78DED0-2616-47EA-8CAA-0CAFA37D074F}.Debug|iPhone.ActiveCfg = Debug|Any CPU
		{ED78DED0-2616-47EA-8CAA-0CAFA37D074F}.Debug|iPhone.Build.0 = Debug|Any CPU
		{ED78DED0-2616-47EA-8CAA-0CAFA37D074F}.Debug|iPhoneSimulator.ActiveCfg = Debug|Any CPU
		{ED78DED0-2616-47EA-8CAA-0CAFA37D074F}.Debug|iPhoneSimulator.Build.0 = Debug|Any CPU
		{ED78DED0-2616-47EA-8CAA-0CAFA37D074F}.Debug|x64.ActiveCfg = Debug|Any CPU
		{ED78DED0-2616-47EA-8CAA-0CAFA37D074F}.Debug|x64.Build.0 = Debug|Any CPU
		{ED78DED0-2616-47EA-8CAA-0CAFA37D074F}.Debug|x86.ActiveCfg = Debug|Any CPU
		{ED78DED0-2616-47EA-8CAA-0CAFA37D074F}.Debug|x86.Build.0 = Debug|Any CPU
		{ED78DED0-2616-47EA-8CAA-0CAFA37D074F}.Release|Any CPU.ActiveCfg = Release|Any CPU
		{ED78DED0-2616-47EA-8CAA-0CAFA37D074F}.Release|Any CPU.Build.0 = Release|Any CPU
		{ED78DED0-2616-47EA-8CAA-0CAFA37D074F}.Release|ARM.ActiveCfg = Release|Any CPU
		{ED78DED0-2616-47EA-8CAA-0CAFA37D074F}.Release|ARM.Build.0 = Release|Any CPU
		{ED78DED0-2616-47EA-8CAA-0CAFA37D074F}.Release|ARM64.ActiveCfg = Release|Any CPU
		{ED78DED0-2616-47EA-8CAA-0CAFA37D074F}.Release|ARM64.Build.0 = Release|Any CPU
		{ED78DED0-2616-47EA-8CAA-0CAFA37D074F}.Release|iPhone.ActiveCfg = Release|Any CPU
		{ED78DED0-2616-47EA-8CAA-0CAFA37D074F}.Release|iPhone.Build.0 = Release|Any CPU
		{ED78DED0-2616-47EA-8CAA-0CAFA37D074F}.Release|iPhoneSimulator.ActiveCfg = Release|Any CPU
		{ED78DED0-2616-47EA-8CAA-0CAFA37D074F}.Release|iPhoneSimulator.Build.0 = Release|Any CPU
		{ED78DED0-2616-47EA-8CAA-0CAFA37D074F}.Release|x64.ActiveCfg = Release|Any CPU
		{ED78DED0-2616-47EA-8CAA-0CAFA37D074F}.Release|x64.Build.0 = Release|Any CPU
		{ED78DED0-2616-47EA-8CAA-0CAFA37D074F}.Release|x86.ActiveCfg = Release|Any CPU
		{ED78DED0-2616-47EA-8CAA-0CAFA37D074F}.Release|x86.Build.0 = Release|Any CPU
		{9BE91F43-D199-40B1-85AB-C734FB6D3918}.Ad-Hoc|Any CPU.ActiveCfg = Debug|Any CPU
		{9BE91F43-D199-40B1-85AB-C734FB6D3918}.Ad-Hoc|Any CPU.Build.0 = Debug|Any CPU
		{9BE91F43-D199-40B1-85AB-C734FB6D3918}.Ad-Hoc|ARM.ActiveCfg = Debug|Any CPU
		{9BE91F43-D199-40B1-85AB-C734FB6D3918}.Ad-Hoc|ARM.Build.0 = Debug|Any CPU
		{9BE91F43-D199-40B1-85AB-C734FB6D3918}.Ad-Hoc|ARM64.ActiveCfg = Debug|Any CPU
		{9BE91F43-D199-40B1-85AB-C734FB6D3918}.Ad-Hoc|ARM64.Build.0 = Debug|Any CPU
		{9BE91F43-D199-40B1-85AB-C734FB6D3918}.Ad-Hoc|iPhone.ActiveCfg = Debug|Any CPU
		{9BE91F43-D199-40B1-85AB-C734FB6D3918}.Ad-Hoc|iPhone.Build.0 = Debug|Any CPU
		{9BE91F43-D199-40B1-85AB-C734FB6D3918}.Ad-Hoc|iPhoneSimulator.ActiveCfg = Debug|Any CPU
		{9BE91F43-D199-40B1-85AB-C734FB6D3918}.Ad-Hoc|iPhoneSimulator.Build.0 = Debug|Any CPU
		{9BE91F43-D199-40B1-85AB-C734FB6D3918}.Ad-Hoc|x64.ActiveCfg = Debug|Any CPU
		{9BE91F43-D199-40B1-85AB-C734FB6D3918}.Ad-Hoc|x64.Build.0 = Debug|Any CPU
		{9BE91F43-D199-40B1-85AB-C734FB6D3918}.Ad-Hoc|x86.ActiveCfg = Debug|Any CPU
		{9BE91F43-D199-40B1-85AB-C734FB6D3918}.Ad-Hoc|x86.Build.0 = Debug|Any CPU
		{9BE91F43-D199-40B1-85AB-C734FB6D3918}.AppStore|Any CPU.ActiveCfg = Debug|Any CPU
		{9BE91F43-D199-40B1-85AB-C734FB6D3918}.AppStore|Any CPU.Build.0 = Debug|Any CPU
		{9BE91F43-D199-40B1-85AB-C734FB6D3918}.AppStore|ARM.ActiveCfg = Debug|Any CPU
		{9BE91F43-D199-40B1-85AB-C734FB6D3918}.AppStore|ARM.Build.0 = Debug|Any CPU
		{9BE91F43-D199-40B1-85AB-C734FB6D3918}.AppStore|ARM64.ActiveCfg = Debug|Any CPU
		{9BE91F43-D199-40B1-85AB-C734FB6D3918}.AppStore|ARM64.Build.0 = Debug|Any CPU
		{9BE91F43-D199-40B1-85AB-C734FB6D3918}.AppStore|iPhone.ActiveCfg = Debug|Any CPU
		{9BE91F43-D199-40B1-85AB-C734FB6D3918}.AppStore|iPhone.Build.0 = Debug|Any CPU
		{9BE91F43-D199-40B1-85AB-C734FB6D3918}.AppStore|iPhoneSimulator.ActiveCfg = Debug|Any CPU
		{9BE91F43-D199-40B1-85AB-C734FB6D3918}.AppStore|iPhoneSimulator.Build.0 = Debug|Any CPU
		{9BE91F43-D199-40B1-85AB-C734FB6D3918}.AppStore|x64.ActiveCfg = Debug|Any CPU
		{9BE91F43-D199-40B1-85AB-C734FB6D3918}.AppStore|x64.Build.0 = Debug|Any CPU
		{9BE91F43-D199-40B1-85AB-C734FB6D3918}.AppStore|x86.ActiveCfg = Debug|Any CPU
		{9BE91F43-D199-40B1-85AB-C734FB6D3918}.AppStore|x86.Build.0 = Debug|Any CPU
		{9BE91F43-D199-40B1-85AB-C734FB6D3918}.Debug|Any CPU.ActiveCfg = Debug|Any CPU
		{9BE91F43-D199-40B1-85AB-C734FB6D3918}.Debug|Any CPU.Build.0 = Debug|Any CPU
		{9BE91F43-D199-40B1-85AB-C734FB6D3918}.Debug|ARM.ActiveCfg = Debug|Any CPU
		{9BE91F43-D199-40B1-85AB-C734FB6D3918}.Debug|ARM.Build.0 = Debug|Any CPU
		{9BE91F43-D199-40B1-85AB-C734FB6D3918}.Debug|ARM64.ActiveCfg = Debug|Any CPU
		{9BE91F43-D199-40B1-85AB-C734FB6D3918}.Debug|ARM64.Build.0 = Debug|Any CPU
		{9BE91F43-D199-40B1-85AB-C734FB6D3918}.Debug|iPhone.ActiveCfg = Debug|Any CPU
		{9BE91F43-D199-40B1-85AB-C734FB6D3918}.Debug|iPhone.Build.0 = Debug|Any CPU
		{9BE91F43-D199-40B1-85AB-C734FB6D3918}.Debug|iPhoneSimulator.ActiveCfg = Debug|Any CPU
		{9BE91F43-D199-40B1-85AB-C734FB6D3918}.Debug|iPhoneSimulator.Build.0 = Debug|Any CPU
		{9BE91F43-D199-40B1-85AB-C734FB6D3918}.Debug|x64.ActiveCfg = Debug|Any CPU
		{9BE91F43-D199-40B1-85AB-C734FB6D3918}.Debug|x64.Build.0 = Debug|Any CPU
		{9BE91F43-D199-40B1-85AB-C734FB6D3918}.Debug|x86.ActiveCfg = Debug|Any CPU
		{9BE91F43-D199-40B1-85AB-C734FB6D3918}.Debug|x86.Build.0 = Debug|Any CPU
		{9BE91F43-D199-40B1-85AB-C734FB6D3918}.Release|Any CPU.ActiveCfg = Release|Any CPU
		{9BE91F43-D199-40B1-85AB-C734FB6D3918}.Release|Any CPU.Build.0 = Release|Any CPU
		{9BE91F43-D199-40B1-85AB-C734FB6D3918}.Release|ARM.ActiveCfg = Release|Any CPU
		{9BE91F43-D199-40B1-85AB-C734FB6D3918}.Release|ARM.Build.0 = Release|Any CPU
		{9BE91F43-D199-40B1-85AB-C734FB6D3918}.Release|ARM64.ActiveCfg = Release|Any CPU
		{9BE91F43-D199-40B1-85AB-C734FB6D3918}.Release|ARM64.Build.0 = Release|Any CPU
		{9BE91F43-D199-40B1-85AB-C734FB6D3918}.Release|iPhone.ActiveCfg = Release|Any CPU
		{9BE91F43-D199-40B1-85AB-C734FB6D3918}.Release|iPhone.Build.0 = Release|Any CPU
		{9BE91F43-D199-40B1-85AB-C734FB6D3918}.Release|iPhoneSimulator.ActiveCfg = Release|Any CPU
		{9BE91F43-D199-40B1-85AB-C734FB6D3918}.Release|iPhoneSimulator.Build.0 = Release|Any CPU
		{9BE91F43-D199-40B1-85AB-C734FB6D3918}.Release|x64.ActiveCfg = Release|Any CPU
		{9BE91F43-D199-40B1-85AB-C734FB6D3918}.Release|x64.Build.0 = Release|Any CPU
		{9BE91F43-D199-40B1-85AB-C734FB6D3918}.Release|x86.ActiveCfg = Release|Any CPU
		{9BE91F43-D199-40B1-85AB-C734FB6D3918}.Release|x86.Build.0 = Release|Any CPU
	EndGlobalSection
	GlobalSection(SolutionProperties) = preSolution
		HideSolutionNode = FALSE
	EndGlobalSection
	GlobalSection(NestedProjects) = preSolution
		{F176DF9D-F00C-41A1-8451-8AA3818CD277} = {335FC690-1504-4E6F-AF6C-C13D977746CF}
	EndGlobalSection
	GlobalSection(ExtensibilityGlobals) = postSolution
		SolutionGuid = {0C610E0B-38EE-4EAC-AFEE-1A8FA369C43A}
	EndGlobalSection
EndGlobal
