
Microsoft Visual Studio Solution File, Format Version 12.00
# Visual Studio Version 16
VisualStudioVersion = 16.0.30626.31
MinimumVisualStudioVersion = 10.0.40219.1
Project("{9A19103F-16F7-4668-BE54-9A1E7A4F7556}") = "ViewModels", "ViewModels\ViewModels.csproj", "{2FD9B88C-D9EB-41AE-99EE-C8681D222E0D}"
EndProject
Project("{9A19103F-16F7-4668-BE54-9A1E7A4F7556}") = "Common", "Common\Common.csproj", "{369022B0-C1CD-4DDE-975A-F35BC77217C9}"
EndProject
Project("{9A19103F-16F7-4668-BE54-9A1E7A4F7556}") = "Common_UnitTests", "Common_UnitTests\Common_UnitTests.csproj", "{CB3531E0-C382-419F-8D87-6C71C549BD3D}"
EndProject
Project("{FAE04EC0-301F-11D3-BF4B-00C04F79EFBC}") = "UwpUtilities", "UwpUtilities\UwpUtilities.csproj", "{45106CA8-D1CA-49F6-AF00-725785966912}"
EndProject
Project("{9A19103F-16F7-4668-BE54-9A1E7A4F7556}") = "DomainDefinitions", "DomainDefinitions\DomainDefinitions.csproj", "{02A086E0-1E08-427B-BFD8-E43A210CB61A}"
EndProject
Project("{9A19103F-16F7-4668-BE54-9A1E7A4F7556}") = "ModelClasses", "ModelClasses\ModelClasses.csproj", "{01882D21-4280-4781-9B8F-23647DE18E39}"
EndProject
Project("{9A19103F-16F7-4668-BE54-9A1E7A4F7556}") = "ModelClasses_UnitTests", "ModelClasses_UnitTests\ModelClasses_UnitTests.csproj", "{68B3C75F-4366-4FC5-AC18-273A3320CDDE}"
EndProject
Project("{9A19103F-16F7-4668-BE54-9A1E7A4F7556}") = "ViewModels_UnitTests", "ViewModels_UnitTests\ViewModels_UnitTests.csproj", "{0AA7095A-F609-4545-ACD2-5BBFF4F8139F}"
EndProject
Project("{FAE04EC0-301F-11D3-BF4B-00C04F79EFBC}") = "UwpUtilities_TestApp", "UwpUtilities_TestApp\UwpUtilities_TestApp.csproj", "{686BC953-16E3-4966-8569-D6F6F058B3F9}"
EndProject
Project("{2150E333-8FDC-42A3-9474-1A3956D46DE8}") = "Solution Items", "Solution Items", "{B6CF8318-F1A8-459E-9A37-C97389CF821E}"
	ProjectSection(SolutionItems) = preProject
		_ConceptualModel_initial_rough_draft.cs = _ConceptualModel_initial_rough_draft.cs
		_Questions.txt = _Questions.txt
		PrioritiesForThePOC.md = PrioritiesForThePOC.md
	EndProjectSection
EndProject
Project("{FAE04EC0-301F-11D3-BF4B-00C04F79EFBC}") = "NativeUwp_TestHarnessApp", "NativeUwp_TestHarnessApp\NativeUwp_TestHarnessApp.csproj", "{74E6F35C-63B4-4E92-90BD-C303F5B6B91F}"
EndProject
Project("{FAE04EC0-301F-11D3-BF4B-00C04F79EFBC}") = "ViewModels_ForTesting", "ViewModels_ForTesting\ViewModels_ForTesting.csproj", "{BA1AABEC-EBF9-478F-828E-DEF57676A41F}"
EndProject
Project("{FAE04EC0-301F-11D3-BF4B-00C04F79EFBC}") = "Views", "Views\Views.csproj", "{968A45E6-FA70-4C64-BF6D-CB37B608F765}"
EndProject
Project("{FAE04EC0-301F-11D3-BF4B-00C04F79EFBC}") = "Views_ForTesting", "Views_ForTesting\Views_ForTesting.csproj", "{3D5221D0-9B46-44F1-9AFA-6271184E4C57}"
EndProject
Project("{FAE04EC0-301F-11D3-BF4B-00C04F79EFBC}") = "NativeUwp_TestHarnessApp_old_01", "NativeUwp_TestHarnessApp_old_01\NativeUwp_TestHarnessApp_old_01.csproj", "{E5965E0E-D00B-453C-A8ED-65CF1DF37222}"
EndProject
Project("{FAE04EC0-301F-11D3-BF4B-00C04F79EFBC}") = "BitmapLoadTimingTest_UwpApp", "BitmapLoadTimingTest_UwpApp\BitmapLoadTimingTest_UwpApp.csproj", "{5964BB4F-2268-4DEB-A353-029AA39AB0D8}"
EndProject
Global
	GlobalSection(SolutionConfigurationPlatforms) = preSolution
		Debug|Any CPU = Debug|Any CPU
		Debug|ARM = Debug|ARM
		Debug|ARM64 = Debug|ARM64
		Debug|x64 = Debug|x64
		Debug|x86 = Debug|x86
		Release|Any CPU = Release|Any CPU
		Release|ARM = Release|ARM
		Release|ARM64 = Release|ARM64
		Release|x64 = Release|x64
		Release|x86 = Release|x86
	EndGlobalSection
	GlobalSection(ProjectConfigurationPlatforms) = postSolution
		{2FD9B88C-D9EB-41AE-99EE-C8681D222E0D}.Debug|Any CPU.ActiveCfg = Debug|Any CPU
		{2FD9B88C-D9EB-41AE-99EE-C8681D222E0D}.Debug|Any CPU.Build.0 = Debug|Any CPU
		{2FD9B88C-D9EB-41AE-99EE-C8681D222E0D}.Debug|ARM.ActiveCfg = Debug|Any CPU
		{2FD9B88C-D9EB-41AE-99EE-C8681D222E0D}.Debug|ARM.Build.0 = Debug|Any CPU
		{2FD9B88C-D9EB-41AE-99EE-C8681D222E0D}.Debug|ARM64.ActiveCfg = Debug|Any CPU
		{2FD9B88C-D9EB-41AE-99EE-C8681D222E0D}.Debug|ARM64.Build.0 = Debug|Any CPU
		{2FD9B88C-D9EB-41AE-99EE-C8681D222E0D}.Debug|x64.ActiveCfg = Debug|Any CPU
		{2FD9B88C-D9EB-41AE-99EE-C8681D222E0D}.Debug|x64.Build.0 = Debug|Any CPU
		{2FD9B88C-D9EB-41AE-99EE-C8681D222E0D}.Debug|x86.ActiveCfg = Debug|Any CPU
		{2FD9B88C-D9EB-41AE-99EE-C8681D222E0D}.Debug|x86.Build.0 = Debug|Any CPU
		{2FD9B88C-D9EB-41AE-99EE-C8681D222E0D}.Release|Any CPU.ActiveCfg = Release|Any CPU
		{2FD9B88C-D9EB-41AE-99EE-C8681D222E0D}.Release|Any CPU.Build.0 = Release|Any CPU
		{2FD9B88C-D9EB-41AE-99EE-C8681D222E0D}.Release|ARM.ActiveCfg = Release|Any CPU
		{2FD9B88C-D9EB-41AE-99EE-C8681D222E0D}.Release|ARM.Build.0 = Release|Any CPU
		{2FD9B88C-D9EB-41AE-99EE-C8681D222E0D}.Release|ARM64.ActiveCfg = Release|Any CPU
		{2FD9B88C-D9EB-41AE-99EE-C8681D222E0D}.Release|ARM64.Build.0 = Release|Any CPU
		{2FD9B88C-D9EB-41AE-99EE-C8681D222E0D}.Release|x64.ActiveCfg = Release|Any CPU
		{2FD9B88C-D9EB-41AE-99EE-C8681D222E0D}.Release|x64.Build.0 = Release|Any CPU
		{2FD9B88C-D9EB-41AE-99EE-C8681D222E0D}.Release|x86.ActiveCfg = Release|Any CPU
		{2FD9B88C-D9EB-41AE-99EE-C8681D222E0D}.Release|x86.Build.0 = Release|Any CPU
		{369022B0-C1CD-4DDE-975A-F35BC77217C9}.Debug|Any CPU.ActiveCfg = Debug|Any CPU
		{369022B0-C1CD-4DDE-975A-F35BC77217C9}.Debug|Any CPU.Build.0 = Debug|Any CPU
		{369022B0-C1CD-4DDE-975A-F35BC77217C9}.Debug|ARM.ActiveCfg = Debug|Any CPU
		{369022B0-C1CD-4DDE-975A-F35BC77217C9}.Debug|ARM.Build.0 = Debug|Any CPU
		{369022B0-C1CD-4DDE-975A-F35BC77217C9}.Debug|ARM64.ActiveCfg = Debug|Any CPU
		{369022B0-C1CD-4DDE-975A-F35BC77217C9}.Debug|ARM64.Build.0 = Debug|Any CPU
		{369022B0-C1CD-4DDE-975A-F35BC77217C9}.Debug|x64.ActiveCfg = Debug|Any CPU
		{369022B0-C1CD-4DDE-975A-F35BC77217C9}.Debug|x64.Build.0 = Debug|Any CPU
		{369022B0-C1CD-4DDE-975A-F35BC77217C9}.Debug|x86.ActiveCfg = Debug|Any CPU
		{369022B0-C1CD-4DDE-975A-F35BC77217C9}.Debug|x86.Build.0 = Debug|Any CPU
		{369022B0-C1CD-4DDE-975A-F35BC77217C9}.Release|Any CPU.ActiveCfg = Release|Any CPU
		{369022B0-C1CD-4DDE-975A-F35BC77217C9}.Release|Any CPU.Build.0 = Release|Any CPU
		{369022B0-C1CD-4DDE-975A-F35BC77217C9}.Release|ARM.ActiveCfg = Release|Any CPU
		{369022B0-C1CD-4DDE-975A-F35BC77217C9}.Release|ARM.Build.0 = Release|Any CPU
		{369022B0-C1CD-4DDE-975A-F35BC77217C9}.Release|ARM64.ActiveCfg = Release|Any CPU
		{369022B0-C1CD-4DDE-975A-F35BC77217C9}.Release|ARM64.Build.0 = Release|Any CPU
		{369022B0-C1CD-4DDE-975A-F35BC77217C9}.Release|x64.ActiveCfg = Release|Any CPU
		{369022B0-C1CD-4DDE-975A-F35BC77217C9}.Release|x64.Build.0 = Release|Any CPU
		{369022B0-C1CD-4DDE-975A-F35BC77217C9}.Release|x86.ActiveCfg = Release|Any CPU
		{369022B0-C1CD-4DDE-975A-F35BC77217C9}.Release|x86.Build.0 = Release|Any CPU
		{CB3531E0-C382-419F-8D87-6C71C549BD3D}.Debug|Any CPU.ActiveCfg = Debug|Any CPU
		{CB3531E0-C382-419F-8D87-6C71C549BD3D}.Debug|Any CPU.Build.0 = Debug|Any CPU
		{CB3531E0-C382-419F-8D87-6C71C549BD3D}.Debug|ARM.ActiveCfg = Debug|Any CPU
		{CB3531E0-C382-419F-8D87-6C71C549BD3D}.Debug|ARM.Build.0 = Debug|Any CPU
		{CB3531E0-C382-419F-8D87-6C71C549BD3D}.Debug|ARM64.ActiveCfg = Debug|Any CPU
		{CB3531E0-C382-419F-8D87-6C71C549BD3D}.Debug|ARM64.Build.0 = Debug|Any CPU
		{CB3531E0-C382-419F-8D87-6C71C549BD3D}.Debug|x64.ActiveCfg = Debug|Any CPU
		{CB3531E0-C382-419F-8D87-6C71C549BD3D}.Debug|x64.Build.0 = Debug|Any CPU
		{CB3531E0-C382-419F-8D87-6C71C549BD3D}.Debug|x86.ActiveCfg = Debug|Any CPU
		{CB3531E0-C382-419F-8D87-6C71C549BD3D}.Debug|x86.Build.0 = Debug|Any CPU
		{CB3531E0-C382-419F-8D87-6C71C549BD3D}.Release|Any CPU.ActiveCfg = Release|Any CPU
		{CB3531E0-C382-419F-8D87-6C71C549BD3D}.Release|Any CPU.Build.0 = Release|Any CPU
		{CB3531E0-C382-419F-8D87-6C71C549BD3D}.Release|ARM.ActiveCfg = Release|Any CPU
		{CB3531E0-C382-419F-8D87-6C71C549BD3D}.Release|ARM.Build.0 = Release|Any CPU
		{CB3531E0-C382-419F-8D87-6C71C549BD3D}.Release|ARM64.ActiveCfg = Release|Any CPU
		{CB3531E0-C382-419F-8D87-6C71C549BD3D}.Release|ARM64.Build.0 = Release|Any CPU
		{CB3531E0-C382-419F-8D87-6C71C549BD3D}.Release|x64.ActiveCfg = Release|Any CPU
		{CB3531E0-C382-419F-8D87-6C71C549BD3D}.Release|x64.Build.0 = Release|Any CPU
		{CB3531E0-C382-419F-8D87-6C71C549BD3D}.Release|x86.ActiveCfg = Release|Any CPU
		{CB3531E0-C382-419F-8D87-6C71C549BD3D}.Release|x86.Build.0 = Release|Any CPU
		{45106CA8-D1CA-49F6-AF00-725785966912}.Debug|Any CPU.ActiveCfg = Debug|Any CPU
		{45106CA8-D1CA-49F6-AF00-725785966912}.Debug|Any CPU.Build.0 = Debug|Any CPU
		{45106CA8-D1CA-49F6-AF00-725785966912}.Debug|ARM.ActiveCfg = Debug|ARM
		{45106CA8-D1CA-49F6-AF00-725785966912}.Debug|ARM.Build.0 = Debug|ARM
		{45106CA8-D1CA-49F6-AF00-725785966912}.Debug|ARM64.ActiveCfg = Debug|ARM64
		{45106CA8-D1CA-49F6-AF00-725785966912}.Debug|ARM64.Build.0 = Debug|ARM64
		{45106CA8-D1CA-49F6-AF00-725785966912}.Debug|x64.ActiveCfg = Debug|x64
		{45106CA8-D1CA-49F6-AF00-725785966912}.Debug|x64.Build.0 = Debug|x64
		{45106CA8-D1CA-49F6-AF00-725785966912}.Debug|x86.ActiveCfg = Debug|x86
		{45106CA8-D1CA-49F6-AF00-725785966912}.Debug|x86.Build.0 = Debug|x86
		{45106CA8-D1CA-49F6-AF00-725785966912}.Release|Any CPU.ActiveCfg = Release|Any CPU
		{45106CA8-D1CA-49F6-AF00-725785966912}.Release|Any CPU.Build.0 = Release|Any CPU
		{45106CA8-D1CA-49F6-AF00-725785966912}.Release|ARM.ActiveCfg = Release|ARM
		{45106CA8-D1CA-49F6-AF00-725785966912}.Release|ARM.Build.0 = Release|ARM
		{45106CA8-D1CA-49F6-AF00-725785966912}.Release|ARM64.ActiveCfg = Release|ARM64
		{45106CA8-D1CA-49F6-AF00-725785966912}.Release|ARM64.Build.0 = Release|ARM64
		{45106CA8-D1CA-49F6-AF00-725785966912}.Release|x64.ActiveCfg = Release|x64
		{45106CA8-D1CA-49F6-AF00-725785966912}.Release|x64.Build.0 = Release|x64
		{45106CA8-D1CA-49F6-AF00-725785966912}.Release|x86.ActiveCfg = Release|x86
		{45106CA8-D1CA-49F6-AF00-725785966912}.Release|x86.Build.0 = Release|x86
		{02A086E0-1E08-427B-BFD8-E43A210CB61A}.Debug|Any CPU.ActiveCfg = Debug|Any CPU
		{02A086E0-1E08-427B-BFD8-E43A210CB61A}.Debug|Any CPU.Build.0 = Debug|Any CPU
		{02A086E0-1E08-427B-BFD8-E43A210CB61A}.Debug|ARM.ActiveCfg = Debug|Any CPU
		{02A086E0-1E08-427B-BFD8-E43A210CB61A}.Debug|ARM.Build.0 = Debug|Any CPU
		{02A086E0-1E08-427B-BFD8-E43A210CB61A}.Debug|ARM64.ActiveCfg = Debug|Any CPU
		{02A086E0-1E08-427B-BFD8-E43A210CB61A}.Debug|ARM64.Build.0 = Debug|Any CPU
		{02A086E0-1E08-427B-BFD8-E43A210CB61A}.Debug|x64.ActiveCfg = Debug|Any CPU
		{02A086E0-1E08-427B-BFD8-E43A210CB61A}.Debug|x64.Build.0 = Debug|Any CPU
		{02A086E0-1E08-427B-BFD8-E43A210CB61A}.Debug|x86.ActiveCfg = Debug|Any CPU
		{02A086E0-1E08-427B-BFD8-E43A210CB61A}.Debug|x86.Build.0 = Debug|Any CPU
		{02A086E0-1E08-427B-BFD8-E43A210CB61A}.Release|Any CPU.ActiveCfg = Release|Any CPU
		{02A086E0-1E08-427B-BFD8-E43A210CB61A}.Release|Any CPU.Build.0 = Release|Any CPU
		{02A086E0-1E08-427B-BFD8-E43A210CB61A}.Release|ARM.ActiveCfg = Release|Any CPU
		{02A086E0-1E08-427B-BFD8-E43A210CB61A}.Release|ARM.Build.0 = Release|Any CPU
		{02A086E0-1E08-427B-BFD8-E43A210CB61A}.Release|ARM64.ActiveCfg = Release|Any CPU
		{02A086E0-1E08-427B-BFD8-E43A210CB61A}.Release|ARM64.Build.0 = Release|Any CPU
		{02A086E0-1E08-427B-BFD8-E43A210CB61A}.Release|x64.ActiveCfg = Release|Any CPU
		{02A086E0-1E08-427B-BFD8-E43A210CB61A}.Release|x64.Build.0 = Release|Any CPU
		{02A086E0-1E08-427B-BFD8-E43A210CB61A}.Release|x86.ActiveCfg = Release|Any CPU
		{02A086E0-1E08-427B-BFD8-E43A210CB61A}.Release|x86.Build.0 = Release|Any CPU
		{01882D21-4280-4781-9B8F-23647DE18E39}.Debug|Any CPU.ActiveCfg = Debug|Any CPU
		{01882D21-4280-4781-9B8F-23647DE18E39}.Debug|Any CPU.Build.0 = Debug|Any CPU
		{01882D21-4280-4781-9B8F-23647DE18E39}.Debug|ARM.ActiveCfg = Debug|Any CPU
		{01882D21-4280-4781-9B8F-23647DE18E39}.Debug|ARM.Build.0 = Debug|Any CPU
		{01882D21-4280-4781-9B8F-23647DE18E39}.Debug|ARM64.ActiveCfg = Debug|Any CPU
		{01882D21-4280-4781-9B8F-23647DE18E39}.Debug|ARM64.Build.0 = Debug|Any CPU
		{01882D21-4280-4781-9B8F-23647DE18E39}.Debug|x64.ActiveCfg = Debug|Any CPU
		{01882D21-4280-4781-9B8F-23647DE18E39}.Debug|x64.Build.0 = Debug|Any CPU
		{01882D21-4280-4781-9B8F-23647DE18E39}.Debug|x86.ActiveCfg = Debug|Any CPU
		{01882D21-4280-4781-9B8F-23647DE18E39}.Debug|x86.Build.0 = Debug|Any CPU
		{01882D21-4280-4781-9B8F-23647DE18E39}.Release|Any CPU.ActiveCfg = Release|Any CPU
		{01882D21-4280-4781-9B8F-23647DE18E39}.Release|Any CPU.Build.0 = Release|Any CPU
		{01882D21-4280-4781-9B8F-23647DE18E39}.Release|ARM.ActiveCfg = Release|Any CPU
		{01882D21-4280-4781-9B8F-23647DE18E39}.Release|ARM.Build.0 = Release|Any CPU
		{01882D21-4280-4781-9B8F-23647DE18E39}.Release|ARM64.ActiveCfg = Release|Any CPU
		{01882D21-4280-4781-9B8F-23647DE18E39}.Release|ARM64.Build.0 = Release|Any CPU
		{01882D21-4280-4781-9B8F-23647DE18E39}.Release|x64.ActiveCfg = Release|Any CPU
		{01882D21-4280-4781-9B8F-23647DE18E39}.Release|x64.Build.0 = Release|Any CPU
		{01882D21-4280-4781-9B8F-23647DE18E39}.Release|x86.ActiveCfg = Release|Any CPU
		{01882D21-4280-4781-9B8F-23647DE18E39}.Release|x86.Build.0 = Release|Any CPU
		{68B3C75F-4366-4FC5-AC18-273A3320CDDE}.Debug|Any CPU.ActiveCfg = Debug|Any CPU
		{68B3C75F-4366-4FC5-AC18-273A3320CDDE}.Debug|Any CPU.Build.0 = Debug|Any CPU
		{68B3C75F-4366-4FC5-AC18-273A3320CDDE}.Debug|ARM.ActiveCfg = Debug|Any CPU
		{68B3C75F-4366-4FC5-AC18-273A3320CDDE}.Debug|ARM.Build.0 = Debug|Any CPU
		{68B3C75F-4366-4FC5-AC18-273A3320CDDE}.Debug|ARM64.ActiveCfg = Debug|Any CPU
		{68B3C75F-4366-4FC5-AC18-273A3320CDDE}.Debug|ARM64.Build.0 = Debug|Any CPU
		{68B3C75F-4366-4FC5-AC18-273A3320CDDE}.Debug|x64.ActiveCfg = Debug|Any CPU
		{68B3C75F-4366-4FC5-AC18-273A3320CDDE}.Debug|x64.Build.0 = Debug|Any CPU
		{68B3C75F-4366-4FC5-AC18-273A3320CDDE}.Debug|x86.ActiveCfg = Debug|Any CPU
		{68B3C75F-4366-4FC5-AC18-273A3320CDDE}.Debug|x86.Build.0 = Debug|Any CPU
		{68B3C75F-4366-4FC5-AC18-273A3320CDDE}.Release|Any CPU.ActiveCfg = Release|Any CPU
		{68B3C75F-4366-4FC5-AC18-273A3320CDDE}.Release|Any CPU.Build.0 = Release|Any CPU
		{68B3C75F-4366-4FC5-AC18-273A3320CDDE}.Release|ARM.ActiveCfg = Release|Any CPU
		{68B3C75F-4366-4FC5-AC18-273A3320CDDE}.Release|ARM.Build.0 = Release|Any CPU
		{68B3C75F-4366-4FC5-AC18-273A3320CDDE}.Release|ARM64.ActiveCfg = Release|Any CPU
		{68B3C75F-4366-4FC5-AC18-273A3320CDDE}.Release|ARM64.Build.0 = Release|Any CPU
		{68B3C75F-4366-4FC5-AC18-273A3320CDDE}.Release|x64.ActiveCfg = Release|Any CPU
		{68B3C75F-4366-4FC5-AC18-273A3320CDDE}.Release|x64.Build.0 = Release|Any CPU
		{68B3C75F-4366-4FC5-AC18-273A3320CDDE}.Release|x86.ActiveCfg = Release|Any CPU
		{68B3C75F-4366-4FC5-AC18-273A3320CDDE}.Release|x86.Build.0 = Release|Any CPU
		{0AA7095A-F609-4545-ACD2-5BBFF4F8139F}.Debug|Any CPU.ActiveCfg = Debug|Any CPU
		{0AA7095A-F609-4545-ACD2-5BBFF4F8139F}.Debug|Any CPU.Build.0 = Debug|Any CPU
		{0AA7095A-F609-4545-ACD2-5BBFF4F8139F}.Debug|ARM.ActiveCfg = Debug|Any CPU
		{0AA7095A-F609-4545-ACD2-5BBFF4F8139F}.Debug|ARM.Build.0 = Debug|Any CPU
		{0AA7095A-F609-4545-ACD2-5BBFF4F8139F}.Debug|ARM64.ActiveCfg = Debug|Any CPU
		{0AA7095A-F609-4545-ACD2-5BBFF4F8139F}.Debug|ARM64.Build.0 = Debug|Any CPU
		{0AA7095A-F609-4545-ACD2-5BBFF4F8139F}.Debug|x64.ActiveCfg = Debug|Any CPU
		{0AA7095A-F609-4545-ACD2-5BBFF4F8139F}.Debug|x64.Build.0 = Debug|Any CPU
		{0AA7095A-F609-4545-ACD2-5BBFF4F8139F}.Debug|x86.ActiveCfg = Debug|Any CPU
		{0AA7095A-F609-4545-ACD2-5BBFF4F8139F}.Debug|x86.Build.0 = Debug|Any CPU
		{0AA7095A-F609-4545-ACD2-5BBFF4F8139F}.Release|Any CPU.ActiveCfg = Release|Any CPU
		{0AA7095A-F609-4545-ACD2-5BBFF4F8139F}.Release|Any CPU.Build.0 = Release|Any CPU
		{0AA7095A-F609-4545-ACD2-5BBFF4F8139F}.Release|ARM.ActiveCfg = Release|Any CPU
		{0AA7095A-F609-4545-ACD2-5BBFF4F8139F}.Release|ARM.Build.0 = Release|Any CPU
		{0AA7095A-F609-4545-ACD2-5BBFF4F8139F}.Release|ARM64.ActiveCfg = Release|Any CPU
		{0AA7095A-F609-4545-ACD2-5BBFF4F8139F}.Release|ARM64.Build.0 = Release|Any CPU
		{0AA7095A-F609-4545-ACD2-5BBFF4F8139F}.Release|x64.ActiveCfg = Release|Any CPU
		{0AA7095A-F609-4545-ACD2-5BBFF4F8139F}.Release|x64.Build.0 = Release|Any CPU
		{0AA7095A-F609-4545-ACD2-5BBFF4F8139F}.Release|x86.ActiveCfg = Release|Any CPU
		{0AA7095A-F609-4545-ACD2-5BBFF4F8139F}.Release|x86.Build.0 = Release|Any CPU
		{686BC953-16E3-4966-8569-D6F6F058B3F9}.Debug|Any CPU.ActiveCfg = Debug|x86
		{686BC953-16E3-4966-8569-D6F6F058B3F9}.Debug|ARM.ActiveCfg = Debug|ARM
		{686BC953-16E3-4966-8569-D6F6F058B3F9}.Debug|ARM.Build.0 = Debug|ARM
		{686BC953-16E3-4966-8569-D6F6F058B3F9}.Debug|ARM.Deploy.0 = Debug|ARM
		{686BC953-16E3-4966-8569-D6F6F058B3F9}.Debug|ARM64.ActiveCfg = Debug|ARM64
		{686BC953-16E3-4966-8569-D6F6F058B3F9}.Debug|ARM64.Build.0 = Debug|ARM64
		{686BC953-16E3-4966-8569-D6F6F058B3F9}.Debug|ARM64.Deploy.0 = Debug|ARM64
		{686BC953-16E3-4966-8569-D6F6F058B3F9}.Debug|x64.ActiveCfg = Debug|x64
		{686BC953-16E3-4966-8569-D6F6F058B3F9}.Debug|x64.Build.0 = Debug|x64
		{686BC953-16E3-4966-8569-D6F6F058B3F9}.Debug|x64.Deploy.0 = Debug|x64
		{686BC953-16E3-4966-8569-D6F6F058B3F9}.Debug|x86.ActiveCfg = Debug|x86
		{686BC953-16E3-4966-8569-D6F6F058B3F9}.Debug|x86.Build.0 = Debug|x86
		{686BC953-16E3-4966-8569-D6F6F058B3F9}.Debug|x86.Deploy.0 = Debug|x86
		{686BC953-16E3-4966-8569-D6F6F058B3F9}.Release|Any CPU.ActiveCfg = Release|x86
		{686BC953-16E3-4966-8569-D6F6F058B3F9}.Release|ARM.ActiveCfg = Release|ARM
		{686BC953-16E3-4966-8569-D6F6F058B3F9}.Release|ARM.Build.0 = Release|ARM
		{686BC953-16E3-4966-8569-D6F6F058B3F9}.Release|ARM.Deploy.0 = Release|ARM
		{686BC953-16E3-4966-8569-D6F6F058B3F9}.Release|ARM64.ActiveCfg = Release|ARM64
		{686BC953-16E3-4966-8569-D6F6F058B3F9}.Release|ARM64.Build.0 = Release|ARM64
		{686BC953-16E3-4966-8569-D6F6F058B3F9}.Release|ARM64.Deploy.0 = Release|ARM64
		{686BC953-16E3-4966-8569-D6F6F058B3F9}.Release|x64.ActiveCfg = Release|x64
		{686BC953-16E3-4966-8569-D6F6F058B3F9}.Release|x64.Build.0 = Release|x64
		{686BC953-16E3-4966-8569-D6F6F058B3F9}.Release|x64.Deploy.0 = Release|x64
		{686BC953-16E3-4966-8569-D6F6F058B3F9}.Release|x86.ActiveCfg = Release|x86
		{686BC953-16E3-4966-8569-D6F6F058B3F9}.Release|x86.Build.0 = Release|x86
		{686BC953-16E3-4966-8569-D6F6F058B3F9}.Release|x86.Deploy.0 = Release|x86
		{74E6F35C-63B4-4E92-90BD-C303F5B6B91F}.Debug|Any CPU.ActiveCfg = Debug|x86
		{74E6F35C-63B4-4E92-90BD-C303F5B6B91F}.Debug|ARM.ActiveCfg = Debug|ARM
		{74E6F35C-63B4-4E92-90BD-C303F5B6B91F}.Debug|ARM.Build.0 = Debug|ARM
		{74E6F35C-63B4-4E92-90BD-C303F5B6B91F}.Debug|ARM.Deploy.0 = Debug|ARM
		{74E6F35C-63B4-4E92-90BD-C303F5B6B91F}.Debug|ARM64.ActiveCfg = Debug|ARM64
		{74E6F35C-63B4-4E92-90BD-C303F5B6B91F}.Debug|ARM64.Build.0 = Debug|ARM64
		{74E6F35C-63B4-4E92-90BD-C303F5B6B91F}.Debug|ARM64.Deploy.0 = Debug|ARM64
		{74E6F35C-63B4-4E92-90BD-C303F5B6B91F}.Debug|x64.ActiveCfg = Debug|x64
		{74E6F35C-63B4-4E92-90BD-C303F5B6B91F}.Debug|x64.Build.0 = Debug|x64
		{74E6F35C-63B4-4E92-90BD-C303F5B6B91F}.Debug|x64.Deploy.0 = Debug|x64
		{74E6F35C-63B4-4E92-90BD-C303F5B6B91F}.Debug|x86.ActiveCfg = Debug|x86
		{74E6F35C-63B4-4E92-90BD-C303F5B6B91F}.Debug|x86.Build.0 = Debug|x86
		{74E6F35C-63B4-4E92-90BD-C303F5B6B91F}.Debug|x86.Deploy.0 = Debug|x86
		{74E6F35C-63B4-4E92-90BD-C303F5B6B91F}.Release|Any CPU.ActiveCfg = Release|x86
		{74E6F35C-63B4-4E92-90BD-C303F5B6B91F}.Release|ARM.ActiveCfg = Release|ARM
		{74E6F35C-63B4-4E92-90BD-C303F5B6B91F}.Release|ARM.Build.0 = Release|ARM
		{74E6F35C-63B4-4E92-90BD-C303F5B6B91F}.Release|ARM.Deploy.0 = Release|ARM
		{74E6F35C-63B4-4E92-90BD-C303F5B6B91F}.Release|ARM64.ActiveCfg = Release|ARM64
		{74E6F35C-63B4-4E92-90BD-C303F5B6B91F}.Release|ARM64.Build.0 = Release|ARM64
		{74E6F35C-63B4-4E92-90BD-C303F5B6B91F}.Release|ARM64.Deploy.0 = Release|ARM64
		{74E6F35C-63B4-4E92-90BD-C303F5B6B91F}.Release|x64.ActiveCfg = Release|x64
		{74E6F35C-63B4-4E92-90BD-C303F5B6B91F}.Release|x64.Build.0 = Release|x64
		{74E6F35C-63B4-4E92-90BD-C303F5B6B91F}.Release|x64.Deploy.0 = Release|x64
		{74E6F35C-63B4-4E92-90BD-C303F5B6B91F}.Release|x86.ActiveCfg = Release|x86
		{74E6F35C-63B4-4E92-90BD-C303F5B6B91F}.Release|x86.Build.0 = Release|x86
		{74E6F35C-63B4-4E92-90BD-C303F5B6B91F}.Release|x86.Deploy.0 = Release|x86
		{BA1AABEC-EBF9-478F-828E-DEF57676A41F}.Debug|Any CPU.ActiveCfg = Debug|Any CPU
		{BA1AABEC-EBF9-478F-828E-DEF57676A41F}.Debug|Any CPU.Build.0 = Debug|Any CPU
		{BA1AABEC-EBF9-478F-828E-DEF57676A41F}.Debug|ARM.ActiveCfg = Debug|Any CPU
		{BA1AABEC-EBF9-478F-828E-DEF57676A41F}.Debug|ARM.Build.0 = Debug|Any CPU
		{BA1AABEC-EBF9-478F-828E-DEF57676A41F}.Debug|ARM64.ActiveCfg = Debug|Any CPU
		{BA1AABEC-EBF9-478F-828E-DEF57676A41F}.Debug|ARM64.Build.0 = Debug|Any CPU
		{BA1AABEC-EBF9-478F-828E-DEF57676A41F}.Debug|x64.ActiveCfg = Debug|Any CPU
		{BA1AABEC-EBF9-478F-828E-DEF57676A41F}.Debug|x64.Build.0 = Debug|Any CPU
		{BA1AABEC-EBF9-478F-828E-DEF57676A41F}.Debug|x86.ActiveCfg = Debug|Any CPU
		{BA1AABEC-EBF9-478F-828E-DEF57676A41F}.Debug|x86.Build.0 = Debug|Any CPU
		{BA1AABEC-EBF9-478F-828E-DEF57676A41F}.Release|Any CPU.ActiveCfg = Release|Any CPU
		{BA1AABEC-EBF9-478F-828E-DEF57676A41F}.Release|Any CPU.Build.0 = Release|Any CPU
		{BA1AABEC-EBF9-478F-828E-DEF57676A41F}.Release|ARM.ActiveCfg = Release|Any CPU
		{BA1AABEC-EBF9-478F-828E-DEF57676A41F}.Release|ARM.Build.0 = Release|Any CPU
		{BA1AABEC-EBF9-478F-828E-DEF57676A41F}.Release|ARM64.ActiveCfg = Release|Any CPU
		{BA1AABEC-EBF9-478F-828E-DEF57676A41F}.Release|ARM64.Build.0 = Release|Any CPU
		{BA1AABEC-EBF9-478F-828E-DEF57676A41F}.Release|x64.ActiveCfg = Release|Any CPU
		{BA1AABEC-EBF9-478F-828E-DEF57676A41F}.Release|x64.Build.0 = Release|Any CPU
		{BA1AABEC-EBF9-478F-828E-DEF57676A41F}.Release|x86.ActiveCfg = Release|Any CPU
		{BA1AABEC-EBF9-478F-828E-DEF57676A41F}.Release|x86.Build.0 = Release|Any CPU
		{968A45E6-FA70-4C64-BF6D-CB37B608F765}.Debug|Any CPU.ActiveCfg = Debug|Any CPU
		{968A45E6-FA70-4C64-BF6D-CB37B608F765}.Debug|Any CPU.Build.0 = Debug|Any CPU
		{968A45E6-FA70-4C64-BF6D-CB37B608F765}.Debug|ARM.ActiveCfg = Debug|ARM
		{968A45E6-FA70-4C64-BF6D-CB37B608F765}.Debug|ARM.Build.0 = Debug|ARM
		{968A45E6-FA70-4C64-BF6D-CB37B608F765}.Debug|ARM64.ActiveCfg = Debug|ARM64
		{968A45E6-FA70-4C64-BF6D-CB37B608F765}.Debug|ARM64.Build.0 = Debug|ARM64
		{968A45E6-FA70-4C64-BF6D-CB37B608F765}.Debug|x64.ActiveCfg = Debug|x64
		{968A45E6-FA70-4C64-BF6D-CB37B608F765}.Debug|x64.Build.0 = Debug|x64
		{968A45E6-FA70-4C64-BF6D-CB37B608F765}.Debug|x86.ActiveCfg = Debug|x86
		{968A45E6-FA70-4C64-BF6D-CB37B608F765}.Debug|x86.Build.0 = Debug|x86
		{968A45E6-FA70-4C64-BF6D-CB37B608F765}.Release|Any CPU.ActiveCfg = Release|Any CPU
		{968A45E6-FA70-4C64-BF6D-CB37B608F765}.Release|Any CPU.Build.0 = Release|Any CPU
		{968A45E6-FA70-4C64-BF6D-CB37B608F765}.Release|ARM.ActiveCfg = Release|ARM
		{968A45E6-FA70-4C64-BF6D-CB37B608F765}.Release|ARM.Build.0 = Release|ARM
		{968A45E6-FA70-4C64-BF6D-CB37B608F765}.Release|ARM64.ActiveCfg = Release|ARM64
		{968A45E6-FA70-4C64-BF6D-CB37B608F765}.Release|ARM64.Build.0 = Release|ARM64
		{968A45E6-FA70-4C64-BF6D-CB37B608F765}.Release|x64.ActiveCfg = Release|x64
		{968A45E6-FA70-4C64-BF6D-CB37B608F765}.Release|x64.Build.0 = Release|x64
		{968A45E6-FA70-4C64-BF6D-CB37B608F765}.Release|x86.ActiveCfg = Release|x86
		{968A45E6-FA70-4C64-BF6D-CB37B608F765}.Release|x86.Build.0 = Release|x86
		{3D5221D0-9B46-44F1-9AFA-6271184E4C57}.Debug|Any CPU.ActiveCfg = Debug|Any CPU
		{3D5221D0-9B46-44F1-9AFA-6271184E4C57}.Debug|Any CPU.Build.0 = Debug|Any CPU
		{3D5221D0-9B46-44F1-9AFA-6271184E4C57}.Debug|ARM.ActiveCfg = Debug|ARM
		{3D5221D0-9B46-44F1-9AFA-6271184E4C57}.Debug|ARM.Build.0 = Debug|ARM
		{3D5221D0-9B46-44F1-9AFA-6271184E4C57}.Debug|ARM64.ActiveCfg = Debug|ARM64
		{3D5221D0-9B46-44F1-9AFA-6271184E4C57}.Debug|ARM64.Build.0 = Debug|ARM64
		{3D5221D0-9B46-44F1-9AFA-6271184E4C57}.Debug|x64.ActiveCfg = Debug|x64
		{3D5221D0-9B46-44F1-9AFA-6271184E4C57}.Debug|x64.Build.0 = Debug|x64
		{3D5221D0-9B46-44F1-9AFA-6271184E4C57}.Debug|x86.ActiveCfg = Debug|x86
		{3D5221D0-9B46-44F1-9AFA-6271184E4C57}.Debug|x86.Build.0 = Debug|x86
		{3D5221D0-9B46-44F1-9AFA-6271184E4C57}.Release|Any CPU.ActiveCfg = Release|Any CPU
		{3D5221D0-9B46-44F1-9AFA-6271184E4C57}.Release|Any CPU.Build.0 = Release|Any CPU
		{3D5221D0-9B46-44F1-9AFA-6271184E4C57}.Release|ARM.ActiveCfg = Release|ARM
		{3D5221D0-9B46-44F1-9AFA-6271184E4C57}.Release|ARM.Build.0 = Release|ARM
		{3D5221D0-9B46-44F1-9AFA-6271184E4C57}.Release|ARM64.ActiveCfg = Release|ARM64
		{3D5221D0-9B46-44F1-9AFA-6271184E4C57}.Release|ARM64.Build.0 = Release|ARM64
		{3D5221D0-9B46-44F1-9AFA-6271184E4C57}.Release|x64.ActiveCfg = Release|x64
		{3D5221D0-9B46-44F1-9AFA-6271184E4C57}.Release|x64.Build.0 = Release|x64
		{3D5221D0-9B46-44F1-9AFA-6271184E4C57}.Release|x86.ActiveCfg = Release|x86
		{3D5221D0-9B46-44F1-9AFA-6271184E4C57}.Release|x86.Build.0 = Release|x86
		{E5965E0E-D00B-453C-A8ED-65CF1DF37222}.Debug|Any CPU.ActiveCfg = Debug|x86
		{E5965E0E-D00B-453C-A8ED-65CF1DF37222}.Debug|ARM.ActiveCfg = Debug|ARM
		{E5965E0E-D00B-453C-A8ED-65CF1DF37222}.Debug|ARM.Build.0 = Debug|ARM
		{E5965E0E-D00B-453C-A8ED-65CF1DF37222}.Debug|ARM.Deploy.0 = Debug|ARM
		{E5965E0E-D00B-453C-A8ED-65CF1DF37222}.Debug|ARM64.ActiveCfg = Debug|ARM64
		{E5965E0E-D00B-453C-A8ED-65CF1DF37222}.Debug|ARM64.Build.0 = Debug|ARM64
		{E5965E0E-D00B-453C-A8ED-65CF1DF37222}.Debug|ARM64.Deploy.0 = Debug|ARM64
		{E5965E0E-D00B-453C-A8ED-65CF1DF37222}.Debug|x64.ActiveCfg = Debug|x64
		{E5965E0E-D00B-453C-A8ED-65CF1DF37222}.Debug|x64.Build.0 = Debug|x64
		{E5965E0E-D00B-453C-A8ED-65CF1DF37222}.Debug|x64.Deploy.0 = Debug|x64
		{E5965E0E-D00B-453C-A8ED-65CF1DF37222}.Debug|x86.ActiveCfg = Debug|x86
		{E5965E0E-D00B-453C-A8ED-65CF1DF37222}.Debug|x86.Build.0 = Debug|x86
		{E5965E0E-D00B-453C-A8ED-65CF1DF37222}.Debug|x86.Deploy.0 = Debug|x86
		{E5965E0E-D00B-453C-A8ED-65CF1DF37222}.Release|Any CPU.ActiveCfg = Release|x86
		{E5965E0E-D00B-453C-A8ED-65CF1DF37222}.Release|ARM.ActiveCfg = Release|ARM
		{E5965E0E-D00B-453C-A8ED-65CF1DF37222}.Release|ARM.Build.0 = Release|ARM
		{E5965E0E-D00B-453C-A8ED-65CF1DF37222}.Release|ARM.Deploy.0 = Release|ARM
		{E5965E0E-D00B-453C-A8ED-65CF1DF37222}.Release|ARM64.ActiveCfg = Release|ARM64
		{E5965E0E-D00B-453C-A8ED-65CF1DF37222}.Release|ARM64.Build.0 = Release|ARM64
		{E5965E0E-D00B-453C-A8ED-65CF1DF37222}.Release|ARM64.Deploy.0 = Release|ARM64
		{E5965E0E-D00B-453C-A8ED-65CF1DF37222}.Release|x64.ActiveCfg = Release|x64
		{E5965E0E-D00B-453C-A8ED-65CF1DF37222}.Release|x64.Build.0 = Release|x64
		{E5965E0E-D00B-453C-A8ED-65CF1DF37222}.Release|x64.Deploy.0 = Release|x64
		{E5965E0E-D00B-453C-A8ED-65CF1DF37222}.Release|x86.ActiveCfg = Release|x86
		{E5965E0E-D00B-453C-A8ED-65CF1DF37222}.Release|x86.Build.0 = Release|x86
		{E5965E0E-D00B-453C-A8ED-65CF1DF37222}.Release|x86.Deploy.0 = Release|x86
		{5964BB4F-2268-4DEB-A353-029AA39AB0D8}.Debug|Any CPU.ActiveCfg = Debug|x86
		{5964BB4F-2268-4DEB-A353-029AA39AB0D8}.Debug|ARM.ActiveCfg = Debug|ARM
		{5964BB4F-2268-4DEB-A353-029AA39AB0D8}.Debug|ARM.Build.0 = Debug|ARM
		{5964BB4F-2268-4DEB-A353-029AA39AB0D8}.Debug|ARM.Deploy.0 = Debug|ARM
		{5964BB4F-2268-4DEB-A353-029AA39AB0D8}.Debug|ARM64.ActiveCfg = Debug|ARM64
		{5964BB4F-2268-4DEB-A353-029AA39AB0D8}.Debug|ARM64.Build.0 = Debug|ARM64
		{5964BB4F-2268-4DEB-A353-029AA39AB0D8}.Debug|ARM64.Deploy.0 = Debug|ARM64
		{5964BB4F-2268-4DEB-A353-029AA39AB0D8}.Debug|x64.ActiveCfg = Debug|x64
		{5964BB4F-2268-4DEB-A353-029AA39AB0D8}.Debug|x64.Build.0 = Debug|x64
		{5964BB4F-2268-4DEB-A353-029AA39AB0D8}.Debug|x64.Deploy.0 = Debug|x64
		{5964BB4F-2268-4DEB-A353-029AA39AB0D8}.Debug|x86.ActiveCfg = Debug|x86
		{5964BB4F-2268-4DEB-A353-029AA39AB0D8}.Debug|x86.Build.0 = Debug|x86
		{5964BB4F-2268-4DEB-A353-029AA39AB0D8}.Debug|x86.Deploy.0 = Debug|x86
		{5964BB4F-2268-4DEB-A353-029AA39AB0D8}.Release|Any CPU.ActiveCfg = Release|x86
		{5964BB4F-2268-4DEB-A353-029AA39AB0D8}.Release|ARM.ActiveCfg = Release|ARM
		{5964BB4F-2268-4DEB-A353-029AA39AB0D8}.Release|ARM.Build.0 = Release|ARM
		{5964BB4F-2268-4DEB-A353-029AA39AB0D8}.Release|ARM.Deploy.0 = Release|ARM
		{5964BB4F-2268-4DEB-A353-029AA39AB0D8}.Release|ARM64.ActiveCfg = Release|ARM64
		{5964BB4F-2268-4DEB-A353-029AA39AB0D8}.Release|ARM64.Build.0 = Release|ARM64
		{5964BB4F-2268-4DEB-A353-029AA39AB0D8}.Release|ARM64.Deploy.0 = Release|ARM64
		{5964BB4F-2268-4DEB-A353-029AA39AB0D8}.Release|x64.ActiveCfg = Release|x64
		{5964BB4F-2268-4DEB-A353-029AA39AB0D8}.Release|x64.Build.0 = Release|x64
		{5964BB4F-2268-4DEB-A353-029AA39AB0D8}.Release|x64.Deploy.0 = Release|x64
		{5964BB4F-2268-4DEB-A353-029AA39AB0D8}.Release|x86.ActiveCfg = Release|x86
		{5964BB4F-2268-4DEB-A353-029AA39AB0D8}.Release|x86.Build.0 = Release|x86
		{5964BB4F-2268-4DEB-A353-029AA39AB0D8}.Release|x86.Deploy.0 = Release|x86
	EndGlobalSection
	GlobalSection(SolutionProperties) = preSolution
		HideSolutionNode = FALSE
	EndGlobalSection
	GlobalSection(ExtensibilityGlobals) = postSolution
		SolutionGuid = {0C610E0B-38EE-4EAC-AFEE-1A8FA369C43A}
	EndGlobalSection
EndGlobal
