
Microsoft Visual Studio Solution File, Format Version 12.00
# Visual Studio Version 16
VisualStudioVersion = 16.0.30803.129
MinimumVisualStudioVersion = 10.0.40219.1
Project("{D954291E-2A0B-460D-934E-DC6B0785DB48}") = "UkCentralLaserPoC.Shared", "UkCentralLaserPoC\UkCentralLaserPoC.Shared\UkCentralLaserPoC.Shared.shproj", "{EC230E54-ADDC-48DF-A2A1-3981C3ED2DD8}"
EndProject
Project("{9A19103F-16F7-4668-BE54-9A1E7A4F7556}") = "UkCentralLaserPoC.Core", "UkCentralLaserPoC\UkCentralLaserPoC.Core\UkCentralLaserPoC.Core.csproj", "{3DFEDEFD-28B2-4A47-A460-0952FC3C2641}"
EndProject
Project("{2150E333-8FDC-42A3-9474-1A3956D46DE8}") = "Platforms", "Platforms", "{064F32D8-4A37-478C-BA90-16882E9A4CD4}"
EndProject
Project("{FAE04EC0-301F-11D3-BF4B-00C04F79EFBC}") = "UkCentralLaserPoC.Droid", "UkCentralLaserPoC\Platforms\UkCentralLaserPoC.Droid\UkCentralLaserPoC.Droid.csproj", "{201FF7CC-39AB-4F79-9B23-9966BDB04A5E}"
EndProject
Project("{FAE04EC0-301F-11D3-BF4B-00C04F79EFBC}") = "UkCentralLaserPoC.UWP", "UkCentralLaserPoC\Platforms\UkCentralLaserPoC.UWP\UkCentralLaserPoC.UWP.csproj", "{574EC592-A799-4806-9446-07BA871A6984}"
EndProject
Project("{9A19103F-16F7-4668-BE54-9A1E7A4F7556}") = "UkCentralLaserPoC.Wasm", "UkCentralLaserPoC\Platforms\UkCentralLaserPoC.Wasm\UkCentralLaserPoC.Wasm.csproj", "{D907548F-66CC-421C-BF80-D3F1B41E8497}"
EndProject
Project("{9A19103F-16F7-4668-BE54-9A1E7A4F7556}") = "UkCentralLaserPoC.IntensityMap", "UkCentralLaserPoC.IntensityMap\UkCentralLaserPoC.IntensityMap.csproj", "{92AB68A0-706F-407F-89D9-CBDF25EFFFE3}"
EndProject
Project("{2150E333-8FDC-42A3-9474-1A3956D46DE8}") = "Core", "Core", "{7F6BBB01-5388-41A4-A5F0-3B9C1F2948CF}"
EndProject
Project("{9A19103F-16F7-4668-BE54-9A1E7A4F7556}") = "Common", "..\..\IntensityMapViewer_POC\Common\Common.csproj", "{6FD32E7A-E605-4819-8059-ED377683DA22}"
EndProject
Project("{9A19103F-16F7-4668-BE54-9A1E7A4F7556}") = "ModelClasses", "..\..\IntensityMapViewer_POC\ModelClasses\ModelClasses.csproj", "{1B38F8A0-79B3-4AB1-8D9B-82A828E09B56}"
EndProject
Project("{9A19103F-16F7-4668-BE54-9A1E7A4F7556}") = "ViewModels", "..\..\IntensityMapViewer_POC\ViewModels\ViewModels.csproj", "{90B85E92-DD00-456D-9E35-0BBF7DC5830F}"
EndProject
Project("{9A19103F-16F7-4668-BE54-9A1E7A4F7556}") = "UnoUtilities", "..\..\POC\UkCentralLaserPoC\UnoUtilities\UnoUtilities.csproj", "{91101C5E-71E9-41ED-8C06-A23ADE8D8307}"
EndProject
Global
	GlobalSection(SharedMSBuildProjectFiles) = preSolution
		UkCentralLaserPoC\UkCentralLaserPoC.Shared\UkCentralLaserPoC.Shared.projitems*{201ff7cc-39ab-4f79-9b23-9966bdb04a5e}*SharedItemsImports = 4
		UkCentralLaserPoC\UkCentralLaserPoC.Shared\UkCentralLaserPoC.Shared.projitems*{574ec592-a799-4806-9446-07ba871a6984}*SharedItemsImports = 4
		UkCentralLaserPoC\UkCentralLaserPoC.Shared\UkCentralLaserPoC.Shared.projitems*{d907548f-66cc-421c-bf80-d3f1b41e8497}*SharedItemsImports = 5
		UkCentralLaserPoC\UkCentralLaserPoC.Shared\UkCentralLaserPoC.Shared.projitems*{ec230e54-addc-48df-a2a1-3981c3ed2dd8}*SharedItemsImports = 13
	EndGlobalSection
	GlobalSection(SolutionConfigurationPlatforms) = preSolution
		Debug|Any CPU = Debug|Any CPU
		Debug|ARM = Debug|ARM
		Debug|ARM64 = Debug|ARM64
		Debug|x64 = Debug|x64
		Debug|x86 = Debug|x86
		Release|Any CPU = Release|Any CPU
		Release|ARM = Release|ARM
		Release|ARM64 = Release|ARM64
		Release|x64 = Release|x64
		Release|x86 = Release|x86
	EndGlobalSection
	GlobalSection(ProjectConfigurationPlatforms) = postSolution
		{3DFEDEFD-28B2-4A47-A460-0952FC3C2641}.Debug|Any CPU.ActiveCfg = Debug|Any CPU
		{3DFEDEFD-28B2-4A47-A460-0952FC3C2641}.Debug|Any CPU.Build.0 = Debug|Any CPU
		{3DFEDEFD-28B2-4A47-A460-0952FC3C2641}.Debug|ARM.ActiveCfg = Debug|Any CPU
		{3DFEDEFD-28B2-4A47-A460-0952FC3C2641}.Debug|ARM.Build.0 = Debug|Any CPU
		{3DFEDEFD-28B2-4A47-A460-0952FC3C2641}.Debug|ARM64.ActiveCfg = Debug|Any CPU
		{3DFEDEFD-28B2-4A47-A460-0952FC3C2641}.Debug|ARM64.Build.0 = Debug|Any CPU
		{3DFEDEFD-28B2-4A47-A460-0952FC3C2641}.Debug|x64.ActiveCfg = Debug|Any CPU
		{3DFEDEFD-28B2-4A47-A460-0952FC3C2641}.Debug|x64.Build.0 = Debug|Any CPU
		{3DFEDEFD-28B2-4A47-A460-0952FC3C2641}.Debug|x86.ActiveCfg = Debug|Any CPU
		{3DFEDEFD-28B2-4A47-A460-0952FC3C2641}.Debug|x86.Build.0 = Debug|Any CPU
		{3DFEDEFD-28B2-4A47-A460-0952FC3C2641}.Release|Any CPU.ActiveCfg = Release|Any CPU
		{3DFEDEFD-28B2-4A47-A460-0952FC3C2641}.Release|Any CPU.Build.0 = Release|Any CPU
		{3DFEDEFD-28B2-4A47-A460-0952FC3C2641}.Release|ARM.ActiveCfg = Release|Any CPU
		{3DFEDEFD-28B2-4A47-A460-0952FC3C2641}.Release|ARM.Build.0 = Release|Any CPU
		{3DFEDEFD-28B2-4A47-A460-0952FC3C2641}.Release|ARM64.ActiveCfg = Release|Any CPU
		{3DFEDEFD-28B2-4A47-A460-0952FC3C2641}.Release|ARM64.Build.0 = Release|Any CPU
		{3DFEDEFD-28B2-4A47-A460-0952FC3C2641}.Release|x64.ActiveCfg = Release|Any CPU
		{3DFEDEFD-28B2-4A47-A460-0952FC3C2641}.Release|x64.Build.0 = Release|Any CPU
		{3DFEDEFD-28B2-4A47-A460-0952FC3C2641}.Release|x86.ActiveCfg = Release|Any CPU
		{3DFEDEFD-28B2-4A47-A460-0952FC3C2641}.Release|x86.Build.0 = Release|Any CPU
		{201FF7CC-39AB-4F79-9B23-9966BDB04A5E}.Debug|Any CPU.ActiveCfg = Debug|Any CPU
		{201FF7CC-39AB-4F79-9B23-9966BDB04A5E}.Debug|Any CPU.Build.0 = Debug|Any CPU
		{201FF7CC-39AB-4F79-9B23-9966BDB04A5E}.Debug|Any CPU.Deploy.0 = Debug|Any CPU
		{201FF7CC-39AB-4F79-9B23-9966BDB04A5E}.Debug|ARM.ActiveCfg = Debug|Any CPU
		{201FF7CC-39AB-4F79-9B23-9966BDB04A5E}.Debug|ARM.Build.0 = Debug|Any CPU
		{201FF7CC-39AB-4F79-9B23-9966BDB04A5E}.Debug|ARM.Deploy.0 = Debug|Any CPU
		{201FF7CC-39AB-4F79-9B23-9966BDB04A5E}.Debug|ARM64.ActiveCfg = Debug|Any CPU
		{201FF7CC-39AB-4F79-9B23-9966BDB04A5E}.Debug|ARM64.Build.0 = Debug|Any CPU
		{201FF7CC-39AB-4F79-9B23-9966BDB04A5E}.Debug|ARM64.Deploy.0 = Debug|Any CPU
		{201FF7CC-39AB-4F79-9B23-9966BDB04A5E}.Debug|x64.ActiveCfg = Debug|Any CPU
		{201FF7CC-39AB-4F79-9B23-9966BDB04A5E}.Debug|x64.Build.0 = Debug|Any CPU
		{201FF7CC-39AB-4F79-9B23-9966BDB04A5E}.Debug|x64.Deploy.0 = Debug|Any CPU
		{201FF7CC-39AB-4F79-9B23-9966BDB04A5E}.Debug|x86.ActiveCfg = Debug|Any CPU
		{201FF7CC-39AB-4F79-9B23-9966BDB04A5E}.Debug|x86.Build.0 = Debug|Any CPU
		{201FF7CC-39AB-4F79-9B23-9966BDB04A5E}.Debug|x86.Deploy.0 = Debug|Any CPU
		{201FF7CC-39AB-4F79-9B23-9966BDB04A5E}.Release|Any CPU.ActiveCfg = Release|Any CPU
		{201FF7CC-39AB-4F79-9B23-9966BDB04A5E}.Release|Any CPU.Build.0 = Release|Any CPU
		{201FF7CC-39AB-4F79-9B23-9966BDB04A5E}.Release|Any CPU.Deploy.0 = Release|Any CPU
		{201FF7CC-39AB-4F79-9B23-9966BDB04A5E}.Release|ARM.ActiveCfg = Release|Any CPU
		{201FF7CC-39AB-4F79-9B23-9966BDB04A5E}.Release|ARM.Build.0 = Release|Any CPU
		{201FF7CC-39AB-4F79-9B23-9966BDB04A5E}.Release|ARM.Deploy.0 = Release|Any CPU
		{201FF7CC-39AB-4F79-9B23-9966BDB04A5E}.Release|ARM64.ActiveCfg = Release|Any CPU
		{201FF7CC-39AB-4F79-9B23-9966BDB04A5E}.Release|ARM64.Build.0 = Release|Any CPU
		{201FF7CC-39AB-4F79-9B23-9966BDB04A5E}.Release|ARM64.Deploy.0 = Release|Any CPU
		{201FF7CC-39AB-4F79-9B23-9966BDB04A5E}.Release|x64.ActiveCfg = Release|Any CPU
		{201FF7CC-39AB-4F79-9B23-9966BDB04A5E}.Release|x64.Build.0 = Release|Any CPU
		{201FF7CC-39AB-4F79-9B23-9966BDB04A5E}.Release|x64.Deploy.0 = Release|Any CPU
		{201FF7CC-39AB-4F79-9B23-9966BDB04A5E}.Release|x86.ActiveCfg = Release|Any CPU
		{201FF7CC-39AB-4F79-9B23-9966BDB04A5E}.Release|x86.Build.0 = Release|Any CPU
		{201FF7CC-39AB-4F79-9B23-9966BDB04A5E}.Release|x86.Deploy.0 = Release|Any CPU
		{574EC592-A799-4806-9446-07BA871A6984}.Debug|Any CPU.ActiveCfg = Debug|x86
		{574EC592-A799-4806-9446-07BA871A6984}.Debug|ARM.ActiveCfg = Debug|ARM
		{574EC592-A799-4806-9446-07BA871A6984}.Debug|ARM.Build.0 = Debug|ARM
		{574EC592-A799-4806-9446-07BA871A6984}.Debug|ARM.Deploy.0 = Debug|ARM
		{574EC592-A799-4806-9446-07BA871A6984}.Debug|ARM64.ActiveCfg = Debug|ARM64
		{574EC592-A799-4806-9446-07BA871A6984}.Debug|ARM64.Build.0 = Debug|ARM64
		{574EC592-A799-4806-9446-07BA871A6984}.Debug|ARM64.Deploy.0 = Debug|ARM64
		{574EC592-A799-4806-9446-07BA871A6984}.Debug|x64.ActiveCfg = Debug|x64
		{574EC592-A799-4806-9446-07BA871A6984}.Debug|x64.Build.0 = Debug|x64
		{574EC592-A799-4806-9446-07BA871A6984}.Debug|x64.Deploy.0 = Debug|x64
		{574EC592-A799-4806-9446-07BA871A6984}.Debug|x86.ActiveCfg = Debug|x86
		{574EC592-A799-4806-9446-07BA871A6984}.Debug|x86.Build.0 = Debug|x86
		{574EC592-A799-4806-9446-07BA871A6984}.Debug|x86.Deploy.0 = Debug|x86
		{574EC592-A799-4806-9446-07BA871A6984}.Release|Any CPU.ActiveCfg = Release|x86
		{574EC592-A799-4806-9446-07BA871A6984}.Release|ARM.ActiveCfg = Release|ARM
		{574EC592-A799-4806-9446-07BA871A6984}.Release|ARM.Build.0 = Release|ARM
		{574EC592-A799-4806-9446-07BA871A6984}.Release|ARM.Deploy.0 = Release|ARM
		{574EC592-A799-4806-9446-07BA871A6984}.Release|ARM64.ActiveCfg = Release|ARM64
		{574EC592-A799-4806-9446-07BA871A6984}.Release|ARM64.Build.0 = Release|ARM64
		{574EC592-A799-4806-9446-07BA871A6984}.Release|ARM64.Deploy.0 = Release|ARM64
		{574EC592-A799-4806-9446-07BA871A6984}.Release|x64.ActiveCfg = Release|x64
		{574EC592-A799-4806-9446-07BA871A6984}.Release|x64.Build.0 = Release|x64
		{574EC592-A799-4806-9446-07BA871A6984}.Release|x64.Deploy.0 = Release|x64
		{574EC592-A799-4806-9446-07BA871A6984}.Release|x86.ActiveCfg = Release|x86
		{574EC592-A799-4806-9446-07BA871A6984}.Release|x86.Build.0 = Release|x86
		{574EC592-A799-4806-9446-07BA871A6984}.Release|x86.Deploy.0 = Release|x86
		{D907548F-66CC-421C-BF80-D3F1B41E8497}.Debug|Any CPU.ActiveCfg = Debug|Any CPU
		{D907548F-66CC-421C-BF80-D3F1B41E8497}.Debug|Any CPU.Build.0 = Debug|Any CPU
		{D907548F-66CC-421C-BF80-D3F1B41E8497}.Debug|ARM.ActiveCfg = Debug|Any CPU
		{D907548F-66CC-421C-BF80-D3F1B41E8497}.Debug|ARM.Build.0 = Debug|Any CPU
		{D907548F-66CC-421C-BF80-D3F1B41E8497}.Debug|ARM64.ActiveCfg = Debug|Any CPU
		{D907548F-66CC-421C-BF80-D3F1B41E8497}.Debug|ARM64.Build.0 = Debug|Any CPU
		{D907548F-66CC-421C-BF80-D3F1B41E8497}.Debug|x64.ActiveCfg = Debug|Any CPU
		{D907548F-66CC-421C-BF80-D3F1B41E8497}.Debug|x64.Build.0 = Debug|Any CPU
		{D907548F-66CC-421C-BF80-D3F1B41E8497}.Debug|x86.ActiveCfg = Debug|Any CPU
		{D907548F-66CC-421C-BF80-D3F1B41E8497}.Debug|x86.Build.0 = Debug|Any CPU
		{D907548F-66CC-421C-BF80-D3F1B41E8497}.Release|Any CPU.ActiveCfg = Release|Any CPU
		{D907548F-66CC-421C-BF80-D3F1B41E8497}.Release|Any CPU.Build.0 = Release|Any CPU
		{D907548F-66CC-421C-BF80-D3F1B41E8497}.Release|ARM.ActiveCfg = Release|Any CPU
		{D907548F-66CC-421C-BF80-D3F1B41E8497}.Release|ARM.Build.0 = Release|Any CPU
		{D907548F-66CC-421C-BF80-D3F1B41E8497}.Release|ARM64.ActiveCfg = Release|Any CPU
		{D907548F-66CC-421C-BF80-D3F1B41E8497}.Release|ARM64.Build.0 = Release|Any CPU
		{D907548F-66CC-421C-BF80-D3F1B41E8497}.Release|x64.ActiveCfg = Release|Any CPU
		{D907548F-66CC-421C-BF80-D3F1B41E8497}.Release|x64.Build.0 = Release|Any CPU
		{D907548F-66CC-421C-BF80-D3F1B41E8497}.Release|x86.ActiveCfg = Release|Any CPU
		{D907548F-66CC-421C-BF80-D3F1B41E8497}.Release|x86.Build.0 = Release|Any CPU
		{92AB68A0-706F-407F-89D9-CBDF25EFFFE3}.Debug|Any CPU.ActiveCfg = Debug|Any CPU
		{92AB68A0-706F-407F-89D9-CBDF25EFFFE3}.Debug|Any CPU.Build.0 = Debug|Any CPU
		{92AB68A0-706F-407F-89D9-CBDF25EFFFE3}.Debug|ARM.ActiveCfg = Debug|Any CPU
		{92AB68A0-706F-407F-89D9-CBDF25EFFFE3}.Debug|ARM.Build.0 = Debug|Any CPU
		{92AB68A0-706F-407F-89D9-CBDF25EFFFE3}.Debug|ARM64.ActiveCfg = Debug|Any CPU
		{92AB68A0-706F-407F-89D9-CBDF25EFFFE3}.Debug|ARM64.Build.0 = Debug|Any CPU
		{92AB68A0-706F-407F-89D9-CBDF25EFFFE3}.Debug|x64.ActiveCfg = Debug|Any CPU
		{92AB68A0-706F-407F-89D9-CBDF25EFFFE3}.Debug|x64.Build.0 = Debug|Any CPU
		{92AB68A0-706F-407F-89D9-CBDF25EFFFE3}.Debug|x86.ActiveCfg = Debug|x86
		{92AB68A0-706F-407F-89D9-CBDF25EFFFE3}.Debug|x86.Build.0 = Debug|x86
		{92AB68A0-706F-407F-89D9-CBDF25EFFFE3}.Release|Any CPU.ActiveCfg = Release|Any CPU
		{92AB68A0-706F-407F-89D9-CBDF25EFFFE3}.Release|Any CPU.Build.0 = Release|Any CPU
		{92AB68A0-706F-407F-89D9-CBDF25EFFFE3}.Release|ARM.ActiveCfg = Release|Any CPU
		{92AB68A0-706F-407F-89D9-CBDF25EFFFE3}.Release|ARM.Build.0 = Release|Any CPU
		{92AB68A0-706F-407F-89D9-CBDF25EFFFE3}.Release|ARM64.ActiveCfg = Release|Any CPU
		{92AB68A0-706F-407F-89D9-CBDF25EFFFE3}.Release|ARM64.Build.0 = Release|Any CPU
		{92AB68A0-706F-407F-89D9-CBDF25EFFFE3}.Release|x64.ActiveCfg = Release|Any CPU
		{92AB68A0-706F-407F-89D9-CBDF25EFFFE3}.Release|x64.Build.0 = Release|Any CPU
		{92AB68A0-706F-407F-89D9-CBDF25EFFFE3}.Release|x86.ActiveCfg = Release|Any CPU
		{92AB68A0-706F-407F-89D9-CBDF25EFFFE3}.Release|x86.Build.0 = Release|Any CPU
		{6FD32E7A-E605-4819-8059-ED377683DA22}.Debug|Any CPU.ActiveCfg = Debug|Any CPU
		{6FD32E7A-E605-4819-8059-ED377683DA22}.Debug|Any CPU.Build.0 = Debug|Any CPU
		{6FD32E7A-E605-4819-8059-ED377683DA22}.Debug|ARM.ActiveCfg = Debug|Any CPU
		{6FD32E7A-E605-4819-8059-ED377683DA22}.Debug|ARM.Build.0 = Debug|Any CPU
		{6FD32E7A-E605-4819-8059-ED377683DA22}.Debug|ARM64.ActiveCfg = Debug|Any CPU
		{6FD32E7A-E605-4819-8059-ED377683DA22}.Debug|ARM64.Build.0 = Debug|Any CPU
		{6FD32E7A-E605-4819-8059-ED377683DA22}.Debug|x64.ActiveCfg = Debug|Any CPU
		{6FD32E7A-E605-4819-8059-ED377683DA22}.Debug|x64.Build.0 = Debug|Any CPU
		{6FD32E7A-E605-4819-8059-ED377683DA22}.Debug|x86.ActiveCfg = Debug|Any CPU
		{6FD32E7A-E605-4819-8059-ED377683DA22}.Debug|x86.Build.0 = Debug|Any CPU
		{6FD32E7A-E605-4819-8059-ED377683DA22}.Release|Any CPU.ActiveCfg = Release|Any CPU
		{6FD32E7A-E605-4819-8059-ED377683DA22}.Release|Any CPU.Build.0 = Release|Any CPU
		{6FD32E7A-E605-4819-8059-ED377683DA22}.Release|ARM.ActiveCfg = Release|Any CPU
		{6FD32E7A-E605-4819-8059-ED377683DA22}.Release|ARM.Build.0 = Release|Any CPU
		{6FD32E7A-E605-4819-8059-ED377683DA22}.Release|ARM64.ActiveCfg = Release|Any CPU
		{6FD32E7A-E605-4819-8059-ED377683DA22}.Release|ARM64.Build.0 = Release|Any CPU
		{6FD32E7A-E605-4819-8059-ED377683DA22}.Release|x64.ActiveCfg = Release|Any CPU
		{6FD32E7A-E605-4819-8059-ED377683DA22}.Release|x64.Build.0 = Release|Any CPU
		{6FD32E7A-E605-4819-8059-ED377683DA22}.Release|x86.ActiveCfg = Release|Any CPU
		{6FD32E7A-E605-4819-8059-ED377683DA22}.Release|x86.Build.0 = Release|Any CPU
		{1B38F8A0-79B3-4AB1-8D9B-82A828E09B56}.Debug|Any CPU.ActiveCfg = Debug|Any CPU
		{1B38F8A0-79B3-4AB1-8D9B-82A828E09B56}.Debug|Any CPU.Build.0 = Debug|Any CPU
		{1B38F8A0-79B3-4AB1-8D9B-82A828E09B56}.Debug|ARM.ActiveCfg = Debug|Any CPU
		{1B38F8A0-79B3-4AB1-8D9B-82A828E09B56}.Debug|ARM.Build.0 = Debug|Any CPU
		{1B38F8A0-79B3-4AB1-8D9B-82A828E09B56}.Debug|ARM64.ActiveCfg = Debug|Any CPU
		{1B38F8A0-79B3-4AB1-8D9B-82A828E09B56}.Debug|ARM64.Build.0 = Debug|Any CPU
		{1B38F8A0-79B3-4AB1-8D9B-82A828E09B56}.Debug|x64.ActiveCfg = Debug|Any CPU
		{1B38F8A0-79B3-4AB1-8D9B-82A828E09B56}.Debug|x64.Build.0 = Debug|Any CPU
		{1B38F8A0-79B3-4AB1-8D9B-82A828E09B56}.Debug|x86.ActiveCfg = Debug|Any CPU
		{1B38F8A0-79B3-4AB1-8D9B-82A828E09B56}.Debug|x86.Build.0 = Debug|Any CPU
		{1B38F8A0-79B3-4AB1-8D9B-82A828E09B56}.Release|Any CPU.ActiveCfg = Release|Any CPU
		{1B38F8A0-79B3-4AB1-8D9B-82A828E09B56}.Release|Any CPU.Build.0 = Release|Any CPU
		{1B38F8A0-79B3-4AB1-8D9B-82A828E09B56}.Release|ARM.ActiveCfg = Release|Any CPU
		{1B38F8A0-79B3-4AB1-8D9B-82A828E09B56}.Release|ARM.Build.0 = Release|Any CPU
		{1B38F8A0-79B3-4AB1-8D9B-82A828E09B56}.Release|ARM64.ActiveCfg = Release|Any CPU
		{1B38F8A0-79B3-4AB1-8D9B-82A828E09B56}.Release|ARM64.Build.0 = Release|Any CPU
		{1B38F8A0-79B3-4AB1-8D9B-82A828E09B56}.Release|x64.ActiveCfg = Release|Any CPU
		{1B38F8A0-79B3-4AB1-8D9B-82A828E09B56}.Release|x64.Build.0 = Release|Any CPU
		{1B38F8A0-79B3-4AB1-8D9B-82A828E09B56}.Release|x86.ActiveCfg = Release|Any CPU
		{1B38F8A0-79B3-4AB1-8D9B-82A828E09B56}.Release|x86.Build.0 = Release|Any CPU
		{90B85E92-DD00-456D-9E35-0BBF7DC5830F}.Debug|Any CPU.ActiveCfg = Debug|Any CPU
		{90B85E92-DD00-456D-9E35-0BBF7DC5830F}.Debug|Any CPU.Build.0 = Debug|Any CPU
		{90B85E92-DD00-456D-9E35-0BBF7DC5830F}.Debug|ARM.ActiveCfg = Debug|Any CPU
		{90B85E92-DD00-456D-9E35-0BBF7DC5830F}.Debug|ARM.Build.0 = Debug|Any CPU
		{90B85E92-DD00-456D-9E35-0BBF7DC5830F}.Debug|ARM64.ActiveCfg = Debug|Any CPU
		{90B85E92-DD00-456D-9E35-0BBF7DC5830F}.Debug|ARM64.Build.0 = Debug|Any CPU
		{90B85E92-DD00-456D-9E35-0BBF7DC5830F}.Debug|x64.ActiveCfg = Debug|Any CPU
		{90B85E92-DD00-456D-9E35-0BBF7DC5830F}.Debug|x64.Build.0 = Debug|Any CPU
		{90B85E92-DD00-456D-9E35-0BBF7DC5830F}.Debug|x86.ActiveCfg = Debug|Any CPU
		{90B85E92-DD00-456D-9E35-0BBF7DC5830F}.Debug|x86.Build.0 = Debug|Any CPU
		{90B85E92-DD00-456D-9E35-0BBF7DC5830F}.Release|Any CPU.ActiveCfg = Release|Any CPU
		{90B85E92-DD00-456D-9E35-0BBF7DC5830F}.Release|Any CPU.Build.0 = Release|Any CPU
		{90B85E92-DD00-456D-9E35-0BBF7DC5830F}.Release|ARM.ActiveCfg = Release|Any CPU
		{90B85E92-DD00-456D-9E35-0BBF7DC5830F}.Release|ARM.Build.0 = Release|Any CPU
		{90B85E92-DD00-456D-9E35-0BBF7DC5830F}.Release|ARM64.ActiveCfg = Release|Any CPU
		{90B85E92-DD00-456D-9E35-0BBF7DC5830F}.Release|ARM64.Build.0 = Release|Any CPU
		{90B85E92-DD00-456D-9E35-0BBF7DC5830F}.Release|x64.ActiveCfg = Release|Any CPU
		{90B85E92-DD00-456D-9E35-0BBF7DC5830F}.Release|x64.Build.0 = Release|Any CPU
		{90B85E92-DD00-456D-9E35-0BBF7DC5830F}.Release|x86.ActiveCfg = Release|Any CPU
		{90B85E92-DD00-456D-9E35-0BBF7DC5830F}.Release|x86.Build.0 = Release|Any CPU
		{91101C5E-71E9-41ED-8C06-A23ADE8D8307}.Debug|Any CPU.ActiveCfg = Debug|Any CPU
		{91101C5E-71E9-41ED-8C06-A23ADE8D8307}.Debug|Any CPU.Build.0 = Debug|Any CPU
		{91101C5E-71E9-41ED-8C06-A23ADE8D8307}.Debug|ARM.ActiveCfg = Debug|Any CPU
		{91101C5E-71E9-41ED-8C06-A23ADE8D8307}.Debug|ARM.Build.0 = Debug|Any CPU
		{91101C5E-71E9-41ED-8C06-A23ADE8D8307}.Debug|ARM64.ActiveCfg = Debug|Any CPU
		{91101C5E-71E9-41ED-8C06-A23ADE8D8307}.Debug|ARM64.Build.0 = Debug|Any CPU
		{91101C5E-71E9-41ED-8C06-A23ADE8D8307}.Debug|x64.ActiveCfg = Debug|Any CPU
		{91101C5E-71E9-41ED-8C06-A23ADE8D8307}.Debug|x64.Build.0 = Debug|Any CPU
		{91101C5E-71E9-41ED-8C06-A23ADE8D8307}.Debug|x86.ActiveCfg = Debug|x86
		{91101C5E-71E9-41ED-8C06-A23ADE8D8307}.Debug|x86.Build.0 = Debug|x86
		{91101C5E-71E9-41ED-8C06-A23ADE8D8307}.Release|Any CPU.ActiveCfg = Release|Any CPU
		{91101C5E-71E9-41ED-8C06-A23ADE8D8307}.Release|Any CPU.Build.0 = Release|Any CPU
		{91101C5E-71E9-41ED-8C06-A23ADE8D8307}.Release|ARM.ActiveCfg = Release|Any CPU
		{91101C5E-71E9-41ED-8C06-A23ADE8D8307}.Release|ARM.Build.0 = Release|Any CPU
		{91101C5E-71E9-41ED-8C06-A23ADE8D8307}.Release|ARM64.ActiveCfg = Release|Any CPU
		{91101C5E-71E9-41ED-8C06-A23ADE8D8307}.Release|ARM64.Build.0 = Release|Any CPU
		{91101C5E-71E9-41ED-8C06-A23ADE8D8307}.Release|x64.ActiveCfg = Release|Any CPU
		{91101C5E-71E9-41ED-8C06-A23ADE8D8307}.Release|x64.Build.0 = Release|Any CPU
		{91101C5E-71E9-41ED-8C06-A23ADE8D8307}.Release|x86.ActiveCfg = Release|x86
		{91101C5E-71E9-41ED-8C06-A23ADE8D8307}.Release|x86.Build.0 = Release|x86
	EndGlobalSection
	GlobalSection(SolutionProperties) = preSolution
		HideSolutionNode = FALSE
	EndGlobalSection
	GlobalSection(NestedProjects) = preSolution
		{201FF7CC-39AB-4F79-9B23-9966BDB04A5E} = {064F32D8-4A37-478C-BA90-16882E9A4CD4}
		{574EC592-A799-4806-9446-07BA871A6984} = {064F32D8-4A37-478C-BA90-16882E9A4CD4}
		{D907548F-66CC-421C-BF80-D3F1B41E8497} = {064F32D8-4A37-478C-BA90-16882E9A4CD4}
		{6FD32E7A-E605-4819-8059-ED377683DA22} = {7F6BBB01-5388-41A4-A5F0-3B9C1F2948CF}
		{1B38F8A0-79B3-4AB1-8D9B-82A828E09B56} = {7F6BBB01-5388-41A4-A5F0-3B9C1F2948CF}
		{90B85E92-DD00-456D-9E35-0BBF7DC5830F} = {7F6BBB01-5388-41A4-A5F0-3B9C1F2948CF}
		{91101C5E-71E9-41ED-8C06-A23ADE8D8307} = {7F6BBB01-5388-41A4-A5F0-3B9C1F2948CF}
	EndGlobalSection
	GlobalSection(ExtensibilityGlobals) = postSolution
		SolutionGuid = {B8C9D3BE-A9CA-4B06-9BA4-FD4CF2047D24}
	EndGlobalSection
EndGlobal
